// !$*UTF8*$!
{
	archiveVersion = 1;
	classes = {
	};
	objectVersion = 46;
	objects = {

/* Begin PBXBuildFile section */
		135676341C8E6BA53718F116 /* libPods-woodpecker.a in Frameworks */ = {isa = PBXBuildFile; fileRef = 6C49084367002DCB90033864 /* libPods-woodpecker.a */; };
		C14CA3FA1F4FB2B1007F50A1 /* main.m in Sources */ = {isa = PBXBuildFile; fileRef = C14CA3F91F4FB2B1007F50A1 /* main.m */; };
		C14CA3FD1F4FB2B1007F50A1 /* AppDelegate.m in Sources */ = {isa = PBXBuildFile; fileRef = C14CA3FC1F4FB2B1007F50A1 /* AppDelegate.m */; };
		C14CA4051F4FB2B1007F50A1 /* Assets.xcassets in Resources */ = {isa = PBXBuildFile; fileRef = C14CA4041F4FB2B1007F50A1 /* Assets.xcassets */; };
		C15465F71F63DEC500B5CCD9 /* arrow-me@2x.png in Resources */ = {isa = PBXBuildFile; fileRef = C15465DD1F63DEC500B5CCD9 /* arrow-me@2x.png */; };
		C15465F81F63DEC500B5CCD9 /* arrow-me@3x.png in Resources */ = {isa = PBXBuildFile; fileRef = C15465DE1F63DEC500B5CCD9 /* arrow-me@3x.png */; };
		C15465F91F63DEC500B5CCD9 /* arrow-status@2x.png in Resources */ = {isa = PBXBuildFile; fileRef = C15465DF1F63DEC500B5CCD9 /* arrow-status@2x.png */; };
		C15465FA1F63DEC500B5CCD9 /* arrow-status@3x.png in Resources */ = {isa = PBXBuildFile; fileRef = C15465E01F63DEC500B5CCD9 /* arrow-status@3x.png */; };
		C15465FB1F63DEC500B5CCD9 /* btn-me-avatar@2x.png in Resources */ = {isa = PBXBuildFile; fileRef = C15465E11F63DEC500B5CCD9 /* btn-me-avatar@2x.png */; };
		C15465FC1F63DEC500B5CCD9 /* btn-me-avatar@3x.png in Resources */ = {isa = PBXBuildFile; fileRef = C15465E21F63DEC500B5CCD9 /* btn-me-avatar@3x.png */; };
		C15465FD1F63DEC500B5CCD9 /* icon-device-alarm@2x.png in Resources */ = {isa = PBXBuildFile; fileRef = C15465E31F63DEC500B5CCD9 /* icon-device-alarm@2x.png */; };
		C15465FE1F63DEC500B5CCD9 /* icon-device-alarm@3x.png in Resources */ = {isa = PBXBuildFile; fileRef = C15465E41F63DEC500B5CCD9 /* icon-device-alarm@3x.png */; };
		C15465FF1F63DEC500B5CCD9 /* icon-device-settings@2x.png in Resources */ = {isa = PBXBuildFile; fileRef = C15465E51F63DEC500B5CCD9 /* icon-device-settings@2x.png */; };
		C15466001F63DEC500B5CCD9 /* icon-device-settings@3x.png in Resources */ = {isa = PBXBuildFile; fileRef = C15465E61F63DEC500B5CCD9 /* icon-device-settings@3x.png */; };
		C15466011F63DEC500B5CCD9 /* icon-device-unit@2x.png in Resources */ = {isa = PBXBuildFile; fileRef = C15465E71F63DEC500B5CCD9 /* icon-device-unit@2x.png */; };
		C15466021F63DEC500B5CCD9 /* icon-device-unit@3x.png in Resources */ = {isa = PBXBuildFile; fileRef = C15465E81F63DEC500B5CCD9 /* icon-device-unit@3x.png */; };
		C15466031F63DEC500B5CCD9 /* icon-me-about@2x.png in Resources */ = {isa = PBXBuildFile; fileRef = C15465E91F63DEC500B5CCD9 /* icon-me-about@2x.png */; };
		C15466041F63DEC500B5CCD9 /* icon-me-about@3x.png in Resources */ = {isa = PBXBuildFile; fileRef = C15465EA1F63DEC500B5CCD9 /* icon-me-about@3x.png */; };
		C15466051F63DEC500B5CCD9 /* icon-me-basic@2x.png in Resources */ = {isa = PBXBuildFile; fileRef = C15465EB1F63DEC500B5CCD9 /* icon-me-basic@2x.png */; };
		C15466061F63DEC500B5CCD9 /* icon-me-basic@3x.png in Resources */ = {isa = PBXBuildFile; fileRef = C15465EC1F63DEC500B5CCD9 /* icon-me-basic@3x.png */; };
		C15466071F63DEC500B5CCD9 /* icon-me-cycle@2x.png in Resources */ = {isa = PBXBuildFile; fileRef = C15465ED1F63DEC500B5CCD9 /* icon-me-cycle@2x.png */; };
		C15466081F63DEC500B5CCD9 /* icon-me-cycle@3x.png in Resources */ = {isa = PBXBuildFile; fileRef = C15465EE1F63DEC500B5CCD9 /* icon-me-cycle@3x.png */; };
		C15466091F63DEC500B5CCD9 /* icon-me-help@2x.png in Resources */ = {isa = PBXBuildFile; fileRef = C15465EF1F63DEC500B5CCD9 /* icon-me-help@2x.png */; };
		C154660A1F63DEC500B5CCD9 /* icon-me-help@3x.png in Resources */ = {isa = PBXBuildFile; fileRef = C15465F01F63DEC500B5CCD9 /* icon-me-help@3x.png */; };
		C154660B1F63DEC500B5CCD9 /* icon-me-shop@2x.png in Resources */ = {isa = PBXBuildFile; fileRef = C15465F11F63DEC500B5CCD9 /* icon-me-shop@2x.png */; };
		C154660C1F63DEC500B5CCD9 /* icon-me-shop@3x.png in Resources */ = {isa = PBXBuildFile; fileRef = C15465F21F63DEC500B5CCD9 /* icon-me-shop@3x.png */; };
		C154660D1F63DEC500B5CCD9 /* ima-alarm@2x.png in Resources */ = {isa = PBXBuildFile; fileRef = C15465F31F63DEC500B5CCD9 /* ima-alarm@2x.png */; };
		C154660E1F63DEC500B5CCD9 /* ima-alarm@3x.png in Resources */ = {isa = PBXBuildFile; fileRef = C15465F41F63DEC500B5CCD9 /* ima-alarm@3x.png */; };
		C154660F1F63DEC500B5CCD9 /* ima-logon@2x.png in Resources */ = {isa = PBXBuildFile; fileRef = C15465F51F63DEC500B5CCD9 /* ima-logon@2x.png */; };
		C15466101F63DEC500B5CCD9 /* ima-logon@3x.png in Resources */ = {isa = PBXBuildFile; fileRef = C15465F61F63DEC500B5CCD9 /* ima-logon@3x.png */; };
		C15466131F63E00500B5CCD9 /* WPLoginViewController.m in Sources */ = {isa = PBXBuildFile; fileRef = C15466121F63E00500B5CCD9 /* WPLoginViewController.m */; };
		C1562F0E1F50638800D6CC30 /* Localization.strings in Resources */ = {isa = PBXBuildFile; fileRef = C1562F101F50638800D6CC30 /* Localization.strings */; };
		C1562FD31F5064DE00D6CC30 /* initServer.mm in Sources */ = {isa = PBXBuildFile; fileRef = C1562FD21F5064DE00D6CC30 /* initServer.mm */; };
		C156302D1F5065FE00D6CC30 /* NSArray+Extension.m in Sources */ = {isa = PBXBuildFile; fileRef = C1562FD81F5065FE00D6CC30 /* NSArray+Extension.m */; };
		C156302E1F5065FE00D6CC30 /* NSDate+ext.m in Sources */ = {isa = PBXBuildFile; fileRef = C1562FDB1F5065FE00D6CC30 /* NSDate+ext.m */; };
		C156302F1F5065FE00D6CC30 /* NSDate+Extension.m in Sources */ = {isa = PBXBuildFile; fileRef = C1562FDD1F5065FE00D6CC30 /* NSDate+Extension.m */; };
		C15630301F5065FE00D6CC30 /* NSDictionary+Extension.m in Sources */ = {isa = PBXBuildFile; fileRef = C1562FE01F5065FE00D6CC30 /* NSDictionary+Extension.m */; };
		C15630311F5065FE00D6CC30 /* NSMutableDictionary+Extension.m in Sources */ = {isa = PBXBuildFile; fileRef = C1562FE21F5065FE00D6CC30 /* NSMutableDictionary+Extension.m */; };
		C15630321F5065FE00D6CC30 /* NSFileManager+Extensions.m in Sources */ = {isa = PBXBuildFile; fileRef = C1562FE41F5065FE00D6CC30 /* NSFileManager+Extensions.m */; };
		C15630331F5065FE00D6CC30 /* NSString+Extension.m in Sources */ = {isa = PBXBuildFile; fileRef = C1562FE71F5065FE00D6CC30 /* NSString+Extension.m */; };
		C15630341F5065FE00D6CC30 /* UIButton+SD.m in Sources */ = {isa = PBXBuildFile; fileRef = C1562FEA1F5065FE00D6CC30 /* UIButton+SD.m */; };
		C15630351F5065FE00D6CC30 /* UIColor+Hex.m in Sources */ = {isa = PBXBuildFile; fileRef = C1562FED1F5065FE00D6CC30 /* UIColor+Hex.m */; };
		C15630361F5065FE00D6CC30 /* UIImage+animatedGIF.m in Sources */ = {isa = PBXBuildFile; fileRef = C1562FF01F5065FE00D6CC30 /* UIImage+animatedGIF.m */; };
		C15630371F5065FE00D6CC30 /* UIImage+Extension.m in Sources */ = {isa = PBXBuildFile; fileRef = C1562FF21F5065FE00D6CC30 /* UIImage+Extension.m */; };
		C15630381F5065FE00D6CC30 /* UIImageView+SD.m in Sources */ = {isa = PBXBuildFile; fileRef = C1562FF51F5065FE00D6CC30 /* UIImageView+SD.m */; };
		C15630391F5065FE00D6CC30 /* UITableViewCell+roundCorner.m in Sources */ = {isa = PBXBuildFile; fileRef = C1562FF81F5065FE00D6CC30 /* UITableViewCell+roundCorner.m */; };
		C156303A1F5065FE00D6CC30 /* NotificationConst.m in Sources */ = {isa = PBXBuildFile; fileRef = C1562FFE1F5065FE00D6CC30 /* NotificationConst.m */; };
		C156303B1F5065FE00D6CC30 /* XJFBaseNavigationController.m in Sources */ = {isa = PBXBuildFile; fileRef = C15630071F5065FE00D6CC30 /* XJFBaseNavigationController.m */; };
		C156303C1F5065FE00D6CC30 /* XJFBaseViewController.m in Sources */ = {isa = PBXBuildFile; fileRef = C15630091F5065FE00D6CC30 /* XJFBaseViewController.m */; };
		C156303D1F5065FE00D6CC30 /* XJFBaseModel.m in Sources */ = {isa = PBXBuildFile; fileRef = C156300E1F5065FE00D6CC30 /* XJFBaseModel.m */; };
		C156303E1F5065FE00D6CC30 /* XJFDBManager.m in Sources */ = {isa = PBXBuildFile; fileRef = C15630111F5065FE00D6CC30 /* XJFDBManager.m */; };
		C156303F1F5065FE00D6CC30 /* XJFDBOperator.m in Sources */ = {isa = PBXBuildFile; fileRef = C15630131F5065FE00D6CC30 /* XJFDBOperator.m */; };
		C15630401F5065FE00D6CC30 /* XJFHUDManager.m in Sources */ = {isa = PBXBuildFile; fileRef = C15630151F5065FE00D6CC30 /* XJFHUDManager.m */; };
		C15630411F5065FE00D6CC30 /* XJFNetworkManager.m in Sources */ = {isa = PBXBuildFile; fileRef = C15630171F5065FE00D6CC30 /* XJFNetworkManager.m */; };
		C15630421F5065FE00D6CC30 /* XJFServerManager.m in Sources */ = {isa = PBXBuildFile; fileRef = C15630191F5065FE00D6CC30 /* XJFServerManager.m */; };
		C15630431F5065FE00D6CC30 /* XJFBackgroundView.m in Sources */ = {isa = PBXBuildFile; fileRef = C156301D1F5065FE00D6CC30 /* XJFBackgroundView.m */; };
		C15630441F5065FE00D6CC30 /* XJFSeperatorLineView.m in Sources */ = {isa = PBXBuildFile; fileRef = C156301F1F5065FE00D6CC30 /* XJFSeperatorLineView.m */; };
		C15630451F5065FE00D6CC30 /* XJFUIButton.m in Sources */ = {isa = PBXBuildFile; fileRef = C15630211F5065FE00D6CC30 /* XJFUIButton.m */; };
		C15630461F5065FE00D6CC30 /* XJFUIImageView.m in Sources */ = {isa = PBXBuildFile; fileRef = C15630231F5065FE00D6CC30 /* XJFUIImageView.m */; };
		C15630471F5065FE00D6CC30 /* XJFUILabel.m in Sources */ = {isa = PBXBuildFile; fileRef = C15630251F5065FE00D6CC30 /* XJFUILabel.m */; };
		C15630481F5065FE00D6CC30 /* XJFUITextField.m in Sources */ = {isa = PBXBuildFile; fileRef = C15630271F5065FE00D6CC30 /* XJFUITextField.m */; };
		C15630491F5065FE00D6CC30 /* XJFUITextView.m in Sources */ = {isa = PBXBuildFile; fileRef = C15630291F5065FE00D6CC30 /* XJFUITextView.m */; };
		C156304A1F5065FE00D6CC30 /* XJFUIView.m in Sources */ = {isa = PBXBuildFile; fileRef = C156302B1F5065FE00D6CC30 /* XJFUIView.m */; };
		C15847671F5E71E900D785A6 /* BleDevice.m in Sources */ = {isa = PBXBuildFile; fileRef = C15847621F5E71E900D785A6 /* BleDevice.m */; };
		C15847681F5E71E900D785A6 /* BleDeviceBroadcast.m in Sources */ = {isa = PBXBuildFile; fileRef = C15847641F5E71E900D785A6 /* BleDeviceBroadcast.m */; };
		C15847691F5E71E900D785A6 /* WoodpeckerSensorData.m in Sources */ = {isa = PBXBuildFile; fileRef = C15847661F5E71E900D785A6 /* WoodpeckerSensorData.m */; };
		C158476E1F5E71F200D785A6 /* MMCBluetoothManager.m in Sources */ = {isa = PBXBuildFile; fileRef = C158476B1F5E71F200D785A6 /* MMCBluetoothManager.m */; };
		C158476F1F5E71F200D785A6 /* MMCDeviceManager.m in Sources */ = {isa = PBXBuildFile; fileRef = C158476D1F5E71F200D785A6 /* MMCDeviceManager.m */; };
		C15847741F5E877200D785A6 /* MiBluetoothFramework.framework in Frameworks */ = {isa = PBXBuildFile; fileRef = C15847731F5E877200D785A6 /* MiBluetoothFramework.framework */; };
		C160117A1F5F8AB600F7B900 /* WPAccountManager.m in Sources */ = {isa = PBXBuildFile; fileRef = C16011791F5F8AB600F7B900 /* WPAccountManager.m */; };
		C1D89C5A1F5D3DF800DA4D92 /* MiPassport.framework in Frameworks */ = {isa = PBXBuildFile; fileRef = C1D89C591F5D3DF800DA4D92 /* MiPassport.framework */; };
		C1D89C5C1F5D3E1300DA4D92 /* MiPassport.bundle in Resources */ = {isa = PBXBuildFile; fileRef = C1D89C5B1F5D3E1300DA4D92 /* MiPassport.bundle */; };
		C1FE08321F5BCA3C0054A254 /* btn-navi-back@2x.png in Resources */ = {isa = PBXBuildFile; fileRef = C1FE07FA1F5BCA3C0054A254 /* btn-navi-back@2x.png */; };
		C1FE08331F5BCA3C0054A254 /* btn-navi-back@3x.png in Resources */ = {isa = PBXBuildFile; fileRef = C1FE07FB1F5BCA3C0054A254 /* btn-navi-back@3x.png */; };
		C1FE08341F5BCA3C0054A254 /* btn-navi-device-add@2x.png in Resources */ = {isa = PBXBuildFile; fileRef = C1FE07FC1F5BCA3C0054A254 /* btn-navi-device-add@2x.png */; };
		C1FE08351F5BCA3C0054A254 /* btn-navi-device-add@3x.png in Resources */ = {isa = PBXBuildFile; fileRef = C1FE07FD1F5BCA3C0054A254 /* btn-navi-device-add@3x.png */; };
		C1FE08361F5BCA3C0054A254 /* btn-navi-device-con@2x.png in Resources */ = {isa = PBXBuildFile; fileRef = C1FE07FE1F5BCA3C0054A254 /* btn-navi-device-con@2x.png */; };
		C1FE08371F5BCA3C0054A254 /* btn-navi-device-con@3x.png in Resources */ = {isa = PBXBuildFile; fileRef = C1FE07FF1F5BCA3C0054A254 /* btn-navi-device-con@3x.png */; };
		C1FE08381F5BCA3C0054A254 /* btn-navi-device-connecking@3x.png in Resources */ = {isa = PBXBuildFile; fileRef = C1FE08001F5BCA3C0054A254 /* btn-navi-device-connecking@3x.png */; };
		C1FE08391F5BCA3C0054A254 /* btn-navi-device-connecting@2x.png in Resources */ = {isa = PBXBuildFile; fileRef = C1FE08011F5BCA3C0054A254 /* btn-navi-device-connecting@2x.png */; };
		C1FE083A1F5BCA3C0054A254 /* btn-navi-device-nc@2x.png in Resources */ = {isa = PBXBuildFile; fileRef = C1FE08021F5BCA3C0054A254 /* btn-navi-device-nc@2x.png */; };
		C1FE083B1F5BCA3C0054A254 /* btn-navi-device-nc@3x.png in Resources */ = {isa = PBXBuildFile; fileRef = C1FE08031F5BCA3C0054A254 /* btn-navi-device-nc@3x.png */; };
		C1FE083C1F5BCA3C0054A254 /* btn-navi-landscape@2x.png in Resources */ = {isa = PBXBuildFile; fileRef = C1FE08041F5BCA3C0054A254 /* btn-navi-landscape@2x.png */; };
		C1FE083D1F5BCA3C0054A254 /* btn-navi-landscape@3x.png in Resources */ = {isa = PBXBuildFile; fileRef = C1FE08051F5BCA3C0054A254 /* btn-navi-landscape@3x.png */; };
		C1FE083E1F5BCA3C0054A254 /* btn-navi-status-cale@2x.png in Resources */ = {isa = PBXBuildFile; fileRef = C1FE08061F5BCA3C0054A254 /* btn-navi-status-cale@2x.png */; };
		C1FE083F1F5BCA3C0054A254 /* btn-navi-status-cale@3x.png in Resources */ = {isa = PBXBuildFile; fileRef = C1FE08071F5BCA3C0054A254 /* btn-navi-status-cale@3x.png */; };
		C1FE08401F5BCA3C0054A254 /* btn-navi-status-today@2x.png in Resources */ = {isa = PBXBuildFile; fileRef = C1FE08081F5BCA3C0054A254 /* btn-navi-status-today@2x.png */; };
		C1FE08411F5BCA3C0054A254 /* btn-navi-status-today@3x.png in Resources */ = {isa = PBXBuildFile; fileRef = C1FE08091F5BCA3C0054A254 /* btn-navi-status-today@3x.png */; };
		C1FE08421F5BCA3C0054A254 /* btn-tab-curve-p@2x.png in Resources */ = {isa = PBXBuildFile; fileRef = C1FE080A1F5BCA3C0054A254 /* btn-tab-curve-p@2x.png */; };
		C1FE08431F5BCA3C0054A254 /* btn-tab-curve-p@3x.png in Resources */ = {isa = PBXBuildFile; fileRef = C1FE080B1F5BCA3C0054A254 /* btn-tab-curve-p@3x.png */; };
		C1FE08441F5BCA3C0054A254 /* btn-tab-curve-u@2x.png in Resources */ = {isa = PBXBuildFile; fileRef = C1FE080C1F5BCA3C0054A254 /* btn-tab-curve-u@2x.png */; };
		C1FE08451F5BCA3C0054A254 /* btn-tab-curve-u@3x.png in Resources */ = {isa = PBXBuildFile; fileRef = C1FE080D1F5BCA3C0054A254 /* btn-tab-curve-u@3x.png */; };
		C1FE08461F5BCA3C0054A254 /* btn-tab-me-p@2x.png in Resources */ = {isa = PBXBuildFile; fileRef = C1FE080E1F5BCA3C0054A254 /* btn-tab-me-p@2x.png */; };
		C1FE08471F5BCA3C0054A254 /* btn-tab-me-p@3x.png in Resources */ = {isa = PBXBuildFile; fileRef = C1FE080F1F5BCA3C0054A254 /* btn-tab-me-p@3x.png */; };
		C1FE08481F5BCA3C0054A254 /* btn-tab-me-u@2x.png in Resources */ = {isa = PBXBuildFile; fileRef = C1FE08101F5BCA3C0054A254 /* btn-tab-me-u@2x.png */; };
		C1FE08491F5BCA3C0054A254 /* btn-tab-me-u@3x.png in Resources */ = {isa = PBXBuildFile; fileRef = C1FE08111F5BCA3C0054A254 /* btn-tab-me-u@3x.png */; };
		C1FE084A1F5BCA3C0054A254 /* btn-tab-status-s@2x.png in Resources */ = {isa = PBXBuildFile; fileRef = C1FE08121F5BCA3C0054A254 /* btn-tab-status-s@2x.png */; };
		C1FE084B1F5BCA3C0054A254 /* btn-tab-status-s@3x.png in Resources */ = {isa = PBXBuildFile; fileRef = C1FE08131F5BCA3C0054A254 /* btn-tab-status-s@3x.png */; };
		C1FE084C1F5BCA3C0054A254 /* btn-tab-status-u@2x.png in Resources */ = {isa = PBXBuildFile; fileRef = C1FE08141F5BCA3C0054A254 /* btn-tab-status-u@2x.png */; };
		C1FE084D1F5BCA3C0054A254 /* btn-tab-status-u@3x.png in Resources */ = {isa = PBXBuildFile; fileRef = C1FE08151F5BCA3C0054A254 /* btn-tab-status-u@3x.png */; };
		C1FE084E1F5BCA3C0054A254 /* icon-info@2x.png in Resources */ = {isa = PBXBuildFile; fileRef = C1FE08161F5BCA3C0054A254 /* icon-info@2x.png */; };
		C1FE084F1F5BCA3C0054A254 /* icon-info@3x.png in Resources */ = {isa = PBXBuildFile; fileRef = C1FE08171F5BCA3C0054A254 /* icon-info@3x.png */; };
		C1FE08501F5BCA3C0054A254 /* icon-record-ct@2x.png in Resources */ = {isa = PBXBuildFile; fileRef = C1FE08181F5BCA3C0054A254 /* icon-record-ct@2x.png */; };
		C1FE08511F5BCA3C0054A254 /* icon-record-ct@3x.png in Resources */ = {isa = PBXBuildFile; fileRef = C1FE08191F5BCA3C0054A254 /* icon-record-ct@3x.png */; };
		C1FE08521F5BCA3C0054A254 /* icon-record-details@2x.png in Resources */ = {isa = PBXBuildFile; fileRef = C1FE081A1F5BCA3C0054A254 /* icon-record-details@2x.png */; };
		C1FE08531F5BCA3C0054A254 /* icon-record-details@3x.png in Resources */ = {isa = PBXBuildFile; fileRef = C1FE081B1F5BCA3C0054A254 /* icon-record-details@3x.png */; };
		C1FE08541F5BCA3C0054A254 /* icon-record-drink@2x.png in Resources */ = {isa = PBXBuildFile; fileRef = C1FE081C1F5BCA3C0054A254 /* icon-record-drink@2x.png */; };
		C1FE08551F5BCA3C0054A254 /* icon-record-drink@3x.png in Resources */ = {isa = PBXBuildFile; fileRef = C1FE081D1F5BCA3C0054A254 /* icon-record-drink@3x.png */; };
		C1FE08561F5BCA3C0054A254 /* icon-record-drug@2x.png in Resources */ = {isa = PBXBuildFile; fileRef = C1FE081E1F5BCA3C0054A254 /* icon-record-drug@2x.png */; };
		C1FE08571F5BCA3C0054A254 /* icon-record-drug@3x.png in Resources */ = {isa = PBXBuildFile; fileRef = C1FE081F1F5BCA3C0054A254 /* icon-record-drug@3x.png */; };
		C1FE08581F5BCA3C0054A254 /* icon-record-love@2x.png in Resources */ = {isa = PBXBuildFile; fileRef = C1FE08201F5BCA3C0054A254 /* icon-record-love@2x.png */; };
		C1FE08591F5BCA3C0054A254 /* icon-record-love@3x.png in Resources */ = {isa = PBXBuildFile; fileRef = C1FE08211F5BCA3C0054A254 /* icon-record-love@3x.png */; };
		C1FE085A1F5BCA3C0054A254 /* icon-record-menses@2x.png in Resources */ = {isa = PBXBuildFile; fileRef = C1FE08221F5BCA3C0054A254 /* icon-record-menses@2x.png */; };
		C1FE085B1F5BCA3C0054A254 /* icon-record-menses@3x.png in Resources */ = {isa = PBXBuildFile; fileRef = C1FE08231F5BCA3C0054A254 /* icon-record-menses@3x.png */; };
		C1FE085C1F5BCA3C0054A254 /* icon-record-mood@2x.png in Resources */ = {isa = PBXBuildFile; fileRef = C1FE08241F5BCA3C0054A254 /* icon-record-mood@2x.png */; };
		C1FE085D1F5BCA3C0054A254 /* icon-record-mood@3x.png in Resources */ = {isa = PBXBuildFile; fileRef = C1FE08251F5BCA3C0054A254 /* icon-record-mood@3x.png */; };
		C1FE085E1F5BCA3C0054A254 /* icon-record-mucus@2x.png in Resources */ = {isa = PBXBuildFile; fileRef = C1FE08261F5BCA3C0054A254 /* icon-record-mucus@2x.png */; };
		C1FE085F1F5BCA3C0054A254 /* icon-record-mucus@3x.png in Resources */ = {isa = PBXBuildFile; fileRef = C1FE08271F5BCA3C0054A254 /* icon-record-mucus@3x.png */; };
		C1FE08601F5BCA3C0054A254 /* icon-record-note@2x.png in Resources */ = {isa = PBXBuildFile; fileRef = C1FE08281F5BCA3C0054A254 /* icon-record-note@2x.png */; };
		C1FE08611F5BCA3C0054A254 /* icon-record-note@3x.png in Resources */ = {isa = PBXBuildFile; fileRef = C1FE08291F5BCA3C0054A254 /* icon-record-note@3x.png */; };
		C1FE08621F5BCA3C0054A254 /* icon-record-sleep@2x.png in Resources */ = {isa = PBXBuildFile; fileRef = C1FE082A1F5BCA3C0054A254 /* icon-record-sleep@2x.png */; };
		C1FE08631F5BCA3C0054A254 /* icon-record-sleep@3x.png in Resources */ = {isa = PBXBuildFile; fileRef = C1FE082B1F5BCA3C0054A254 /* icon-record-sleep@3x.png */; };
		C1FE08641F5BCA3C0054A254 /* icon-record-sport@2x.png in Resources */ = {isa = PBXBuildFile; fileRef = C1FE082C1F5BCA3C0054A254 /* icon-record-sport@2x.png */; };
		C1FE08651F5BCA3C0054A254 /* icon-record-sport@3x.png in Resources */ = {isa = PBXBuildFile; fileRef = C1FE082D1F5BCA3C0054A254 /* icon-record-sport@3x.png */; };
		C1FE08661F5BCA3C0054A254 /* icon-record-weight@2x.png in Resources */ = {isa = PBXBuildFile; fileRef = C1FE082E1F5BCA3C0054A254 /* icon-record-weight@2x.png */; };
		C1FE08671F5BCA3C0054A254 /* icon-record-weight@3x.png in Resources */ = {isa = PBXBuildFile; fileRef = C1FE082F1F5BCA3C0054A254 /* icon-record-weight@3x.png */; };
		C1FE08681F5BCA3C0054A254 /* icon-status-edit@2x.png in Resources */ = {isa = PBXBuildFile; fileRef = C1FE08301F5BCA3C0054A254 /* icon-status-edit@2x.png */; };
		C1FE08691F5BCA3C0054A254 /* icon-status-edit@3x.png in Resources */ = {isa = PBXBuildFile; fileRef = C1FE08311F5BCA3C0054A254 /* icon-status-edit@3x.png */; };
		C1FE086C1F5BCA810054A254 /* WPMainViewController.m in Sources */ = {isa = PBXBuildFile; fileRef = C1FE086B1F5BCA810054A254 /* WPMainViewController.m */; };
		C1FE086F1F5BCA8D0054A254 /* WPMainViewModel.m in Sources */ = {isa = PBXBuildFile; fileRef = C1FE086E1F5BCA8D0054A254 /* WPMainViewModel.m */; };
		C1FE087B1F5BCFE90054A254 /* WPStatusViewController.m in Sources */ = {isa = PBXBuildFile; fileRef = C1FE087A1F5BCFE90054A254 /* WPStatusViewController.m */; };
		C1FE087E1F5BCFFA0054A254 /* WPTemperatureRecordViewController.m in Sources */ = {isa = PBXBuildFile; fileRef = C1FE087D1F5BCFFA0054A254 /* WPTemperatureRecordViewController.m */; };
		C1FE08811F5BD00A0054A254 /* WPMyInfoViewController.m in Sources */ = {isa = PBXBuildFile; fileRef = C1FE08801F5BD00A0054A254 /* WPMyInfoViewController.m */; };
		CC7214251F64E92C00AE2D82 /* WPLoginView.m in Sources */ = {isa = PBXBuildFile; fileRef = CC7214241F64E92C00AE2D82 /* WPLoginView.m */; };
		CC7214281F64E96300AE2D82 /* WPLoginViewModel.m in Sources */ = {isa = PBXBuildFile; fileRef = CC7214271F64E96300AE2D82 /* WPLoginViewModel.m */; };
		CC7214321F64F55200AE2D82 /* UIView+Extensions.m in Sources */ = {isa = PBXBuildFile; fileRef = CC7214311F64F55200AE2D82 /* UIView+Extensions.m */; };
/* End PBXBuildFile section */

/* Begin PBXFileReference section */
		6C49084367002DCB90033864 /* libPods-woodpecker.a */ = {isa = PBXFileReference; explicitFileType = archive.ar; includeInIndex = 0; path = "libPods-woodpecker.a"; sourceTree = BUILT_PRODUCTS_DIR; };
		BDF2555064146714148EC9B2 /* Pods-woodpecker.release.xcconfig */ = {isa = PBXFileReference; includeInIndex = 1; lastKnownFileType = text.xcconfig; name = "Pods-woodpecker.release.xcconfig"; path = "Pods/Target Support Files/Pods-woodpecker/Pods-woodpecker.release.xcconfig"; sourceTree = "<group>"; };
		C14CA3F51F4FB2B1007F50A1 /* woodpecker.app */ = {isa = PBXFileReference; explicitFileType = wrapper.application; includeInIndex = 0; path = woodpecker.app; sourceTree = BUILT_PRODUCTS_DIR; };
		C14CA3F91F4FB2B1007F50A1 /* main.m */ = {isa = PBXFileReference; lastKnownFileType = sourcecode.c.objc; path = main.m; sourceTree = "<group>"; };
		C14CA3FB1F4FB2B1007F50A1 /* AppDelegate.h */ = {isa = PBXFileReference; lastKnownFileType = sourcecode.c.h; path = AppDelegate.h; sourceTree = "<group>"; };
		C14CA3FC1F4FB2B1007F50A1 /* AppDelegate.m */ = {isa = PBXFileReference; lastKnownFileType = sourcecode.c.objc; path = AppDelegate.m; sourceTree = "<group>"; };
		C14CA4041F4FB2B1007F50A1 /* Assets.xcassets */ = {isa = PBXFileReference; lastKnownFileType = folder.assetcatalog; path = Assets.xcassets; sourceTree = "<group>"; };
		C14CA4091F4FB2B2007F50A1 /* Info.plist */ = {isa = PBXFileReference; lastKnownFileType = text.plist.xml; path = Info.plist; sourceTree = "<group>"; };
		C15465DD1F63DEC500B5CCD9 /* arrow-me@2x.png */ = {isa = PBXFileReference; lastKnownFileType = image.png; path = "arrow-me@2x.png"; sourceTree = "<group>"; };
		C15465DE1F63DEC500B5CCD9 /* arrow-me@3x.png */ = {isa = PBXFileReference; lastKnownFileType = image.png; path = "arrow-me@3x.png"; sourceTree = "<group>"; };
		C15465DF1F63DEC500B5CCD9 /* arrow-status@2x.png */ = {isa = PBXFileReference; lastKnownFileType = image.png; path = "arrow-status@2x.png"; sourceTree = "<group>"; };
		C15465E01F63DEC500B5CCD9 /* arrow-status@3x.png */ = {isa = PBXFileReference; lastKnownFileType = image.png; path = "arrow-status@3x.png"; sourceTree = "<group>"; };
		C15465E11F63DEC500B5CCD9 /* btn-me-avatar@2x.png */ = {isa = PBXFileReference; lastKnownFileType = image.png; path = "btn-me-avatar@2x.png"; sourceTree = "<group>"; };
		C15465E21F63DEC500B5CCD9 /* btn-me-avatar@3x.png */ = {isa = PBXFileReference; lastKnownFileType = image.png; path = "btn-me-avatar@3x.png"; sourceTree = "<group>"; };
		C15465E31F63DEC500B5CCD9 /* icon-device-alarm@2x.png */ = {isa = PBXFileReference; lastKnownFileType = image.png; path = "icon-device-alarm@2x.png"; sourceTree = "<group>"; };
		C15465E41F63DEC500B5CCD9 /* icon-device-alarm@3x.png */ = {isa = PBXFileReference; lastKnownFileType = image.png; path = "icon-device-alarm@3x.png"; sourceTree = "<group>"; };
		C15465E51F63DEC500B5CCD9 /* icon-device-settings@2x.png */ = {isa = PBXFileReference; lastKnownFileType = image.png; path = "icon-device-settings@2x.png"; sourceTree = "<group>"; };
		C15465E61F63DEC500B5CCD9 /* icon-device-settings@3x.png */ = {isa = PBXFileReference; lastKnownFileType = image.png; path = "icon-device-settings@3x.png"; sourceTree = "<group>"; };
		C15465E71F63DEC500B5CCD9 /* icon-device-unit@2x.png */ = {isa = PBXFileReference; lastKnownFileType = image.png; path = "icon-device-unit@2x.png"; sourceTree = "<group>"; };
		C15465E81F63DEC500B5CCD9 /* icon-device-unit@3x.png */ = {isa = PBXFileReference; lastKnownFileType = image.png; path = "icon-device-unit@3x.png"; sourceTree = "<group>"; };
		C15465E91F63DEC500B5CCD9 /* icon-me-about@2x.png */ = {isa = PBXFileReference; lastKnownFileType = image.png; path = "icon-me-about@2x.png"; sourceTree = "<group>"; };
		C15465EA1F63DEC500B5CCD9 /* icon-me-about@3x.png */ = {isa = PBXFileReference; lastKnownFileType = image.png; path = "icon-me-about@3x.png"; sourceTree = "<group>"; };
		C15465EB1F63DEC500B5CCD9 /* icon-me-basic@2x.png */ = {isa = PBXFileReference; lastKnownFileType = image.png; path = "icon-me-basic@2x.png"; sourceTree = "<group>"; };
		C15465EC1F63DEC500B5CCD9 /* icon-me-basic@3x.png */ = {isa = PBXFileReference; lastKnownFileType = image.png; path = "icon-me-basic@3x.png"; sourceTree = "<group>"; };
		C15465ED1F63DEC500B5CCD9 /* icon-me-cycle@2x.png */ = {isa = PBXFileReference; lastKnownFileType = image.png; path = "icon-me-cycle@2x.png"; sourceTree = "<group>"; };
		C15465EE1F63DEC500B5CCD9 /* icon-me-cycle@3x.png */ = {isa = PBXFileReference; lastKnownFileType = image.png; path = "icon-me-cycle@3x.png"; sourceTree = "<group>"; };
		C15465EF1F63DEC500B5CCD9 /* icon-me-help@2x.png */ = {isa = PBXFileReference; lastKnownFileType = image.png; path = "icon-me-help@2x.png"; sourceTree = "<group>"; };
		C15465F01F63DEC500B5CCD9 /* icon-me-help@3x.png */ = {isa = PBXFileReference; lastKnownFileType = image.png; path = "icon-me-help@3x.png"; sourceTree = "<group>"; };
		C15465F11F63DEC500B5CCD9 /* icon-me-shop@2x.png */ = {isa = PBXFileReference; lastKnownFileType = image.png; path = "icon-me-shop@2x.png"; sourceTree = "<group>"; };
		C15465F21F63DEC500B5CCD9 /* icon-me-shop@3x.png */ = {isa = PBXFileReference; lastKnownFileType = image.png; path = "icon-me-shop@3x.png"; sourceTree = "<group>"; };
		C15465F31F63DEC500B5CCD9 /* ima-alarm@2x.png */ = {isa = PBXFileReference; lastKnownFileType = image.png; path = "ima-alarm@2x.png"; sourceTree = "<group>"; };
		C15465F41F63DEC500B5CCD9 /* ima-alarm@3x.png */ = {isa = PBXFileReference; lastKnownFileType = image.png; path = "ima-alarm@3x.png"; sourceTree = "<group>"; };
		C15465F51F63DEC500B5CCD9 /* ima-logon@2x.png */ = {isa = PBXFileReference; lastKnownFileType = image.png; path = "ima-logon@2x.png"; sourceTree = "<group>"; };
		C15465F61F63DEC500B5CCD9 /* ima-logon@3x.png */ = {isa = PBXFileReference; lastKnownFileType = image.png; path = "ima-logon@3x.png"; sourceTree = "<group>"; };
		C15466111F63E00500B5CCD9 /* WPLoginViewController.h */ = {isa = PBXFileReference; fileEncoding = 4; lastKnownFileType = sourcecode.c.h; path = WPLoginViewController.h; sourceTree = "<group>"; };
		C15466121F63E00500B5CCD9 /* WPLoginViewController.m */ = {isa = PBXFileReference; fileEncoding = 4; lastKnownFileType = sourcecode.c.objc; path = WPLoginViewController.m; sourceTree = "<group>"; };
		C1562F0B1F505E6600D6CC30 /* PrefixHeader.pch */ = {isa = PBXFileReference; fileEncoding = 4; lastKnownFileType = sourcecode.c.h; path = PrefixHeader.pch; sourceTree = "<group>"; };
		C1562F0F1F50638800D6CC30 /* Base */ = {isa = PBXFileReference; lastKnownFileType = text.plist.strings; name = Base; path = Base.lproj/Localization.strings; sourceTree = "<group>"; };
		C1562F111F50638A00D6CC30 /* en */ = {isa = PBXFileReference; lastKnownFileType = text.plist.strings; name = en; path = en.lproj/Localization.strings; sourceTree = "<group>"; };
		C1562F121F50639D00D6CC30 /* zh-Hans */ = {isa = PBXFileReference; lastKnownFileType = text.plist.strings; name = "zh-Hans"; path = "zh-Hans.lproj/Localization.strings"; sourceTree = "<group>"; };
		C1562FD11F5064DE00D6CC30 /* initServer.h */ = {isa = PBXFileReference; fileEncoding = 4; lastKnownFileType = sourcecode.c.h; path = initServer.h; sourceTree = "<group>"; };
		C1562FD21F5064DE00D6CC30 /* initServer.mm */ = {isa = PBXFileReference; fileEncoding = 4; lastKnownFileType = sourcecode.cpp.objcpp; path = initServer.mm; sourceTree = "<group>"; };
		C1562FD71F5065FE00D6CC30 /* NSArray+Extension.h */ = {isa = PBXFileReference; fileEncoding = 4; lastKnownFileType = sourcecode.c.h; path = "NSArray+Extension.h"; sourceTree = "<group>"; };
		C1562FD81F5065FE00D6CC30 /* NSArray+Extension.m */ = {isa = PBXFileReference; fileEncoding = 4; lastKnownFileType = sourcecode.c.objc; path = "NSArray+Extension.m"; sourceTree = "<group>"; };
		C1562FDA1F5065FE00D6CC30 /* NSDate+ext.h */ = {isa = PBXFileReference; fileEncoding = 4; lastKnownFileType = sourcecode.c.h; path = "NSDate+ext.h"; sourceTree = "<group>"; };
		C1562FDB1F5065FE00D6CC30 /* NSDate+ext.m */ = {isa = PBXFileReference; fileEncoding = 4; lastKnownFileType = sourcecode.c.objc; path = "NSDate+ext.m"; sourceTree = "<group>"; };
		C1562FDC1F5065FE00D6CC30 /* NSDate+Extension.h */ = {isa = PBXFileReference; fileEncoding = 4; lastKnownFileType = sourcecode.c.h; path = "NSDate+Extension.h"; sourceTree = "<group>"; };
		C1562FDD1F5065FE00D6CC30 /* NSDate+Extension.m */ = {isa = PBXFileReference; fileEncoding = 4; lastKnownFileType = sourcecode.c.objc; path = "NSDate+Extension.m"; sourceTree = "<group>"; };
		C1562FDF1F5065FE00D6CC30 /* NSDictionary+Extension.h */ = {isa = PBXFileReference; fileEncoding = 4; lastKnownFileType = sourcecode.c.h; path = "NSDictionary+Extension.h"; sourceTree = "<group>"; };
		C1562FE01F5065FE00D6CC30 /* NSDictionary+Extension.m */ = {isa = PBXFileReference; fileEncoding = 4; lastKnownFileType = sourcecode.c.objc; path = "NSDictionary+Extension.m"; sourceTree = "<group>"; };
		C1562FE11F5065FE00D6CC30 /* NSMutableDictionary+Extension.h */ = {isa = PBXFileReference; fileEncoding = 4; lastKnownFileType = sourcecode.c.h; path = "NSMutableDictionary+Extension.h"; sourceTree = "<group>"; };
		C1562FE21F5065FE00D6CC30 /* NSMutableDictionary+Extension.m */ = {isa = PBXFileReference; fileEncoding = 4; lastKnownFileType = sourcecode.c.objc; path = "NSMutableDictionary+Extension.m"; sourceTree = "<group>"; };
		C1562FE31F5065FE00D6CC30 /* NSFileManager+Extensions.h */ = {isa = PBXFileReference; fileEncoding = 4; lastKnownFileType = sourcecode.c.h; path = "NSFileManager+Extensions.h"; sourceTree = "<group>"; };
		C1562FE41F5065FE00D6CC30 /* NSFileManager+Extensions.m */ = {isa = PBXFileReference; fileEncoding = 4; lastKnownFileType = sourcecode.c.objc; path = "NSFileManager+Extensions.m"; sourceTree = "<group>"; };
		C1562FE61F5065FE00D6CC30 /* NSString+Extension.h */ = {isa = PBXFileReference; fileEncoding = 4; lastKnownFileType = sourcecode.c.h; path = "NSString+Extension.h"; sourceTree = "<group>"; };
		C1562FE71F5065FE00D6CC30 /* NSString+Extension.m */ = {isa = PBXFileReference; fileEncoding = 4; lastKnownFileType = sourcecode.c.objc; path = "NSString+Extension.m"; sourceTree = "<group>"; };
		C1562FE91F5065FE00D6CC30 /* UIButton+SD.h */ = {isa = PBXFileReference; fileEncoding = 4; lastKnownFileType = sourcecode.c.h; path = "UIButton+SD.h"; sourceTree = "<group>"; };
		C1562FEA1F5065FE00D6CC30 /* UIButton+SD.m */ = {isa = PBXFileReference; fileEncoding = 4; lastKnownFileType = sourcecode.c.objc; path = "UIButton+SD.m"; sourceTree = "<group>"; };
		C1562FEC1F5065FE00D6CC30 /* UIColor+Hex.h */ = {isa = PBXFileReference; fileEncoding = 4; lastKnownFileType = sourcecode.c.h; path = "UIColor+Hex.h"; sourceTree = "<group>"; };
		C1562FED1F5065FE00D6CC30 /* UIColor+Hex.m */ = {isa = PBXFileReference; fileEncoding = 4; lastKnownFileType = sourcecode.c.objc; path = "UIColor+Hex.m"; sourceTree = "<group>"; };
		C1562FEF1F5065FE00D6CC30 /* UIImage+animatedGIF.h */ = {isa = PBXFileReference; fileEncoding = 4; lastKnownFileType = sourcecode.c.h; path = "UIImage+animatedGIF.h"; sourceTree = "<group>"; };
		C1562FF01F5065FE00D6CC30 /* UIImage+animatedGIF.m */ = {isa = PBXFileReference; fileEncoding = 4; lastKnownFileType = sourcecode.c.objc; path = "UIImage+animatedGIF.m"; sourceTree = "<group>"; };
		C1562FF11F5065FE00D6CC30 /* UIImage+Extension.h */ = {isa = PBXFileReference; fileEncoding = 4; lastKnownFileType = sourcecode.c.h; path = "UIImage+Extension.h"; sourceTree = "<group>"; };
		C1562FF21F5065FE00D6CC30 /* UIImage+Extension.m */ = {isa = PBXFileReference; fileEncoding = 4; lastKnownFileType = sourcecode.c.objc; path = "UIImage+Extension.m"; sourceTree = "<group>"; };
		C1562FF41F5065FE00D6CC30 /* UIImageView+SD.h */ = {isa = PBXFileReference; fileEncoding = 4; lastKnownFileType = sourcecode.c.h; path = "UIImageView+SD.h"; sourceTree = "<group>"; };
		C1562FF51F5065FE00D6CC30 /* UIImageView+SD.m */ = {isa = PBXFileReference; fileEncoding = 4; lastKnownFileType = sourcecode.c.objc; path = "UIImageView+SD.m"; sourceTree = "<group>"; };
		C1562FF71F5065FE00D6CC30 /* UITableViewCell+roundCorner.h */ = {isa = PBXFileReference; fileEncoding = 4; lastKnownFileType = sourcecode.c.h; path = "UITableViewCell+roundCorner.h"; sourceTree = "<group>"; };
		C1562FF81F5065FE00D6CC30 /* UITableViewCell+roundCorner.m */ = {isa = PBXFileReference; fileEncoding = 4; lastKnownFileType = sourcecode.c.objc; path = "UITableViewCell+roundCorner.m"; sourceTree = "<group>"; };
		C1562FF91F5065FE00D6CC30 /* XJFCategory.h */ = {isa = PBXFileReference; fileEncoding = 4; lastKnownFileType = sourcecode.c.h; path = XJFCategory.h; sourceTree = "<group>"; };
		C1562FFB1F5065FE00D6CC30 /* CommonConst.h */ = {isa = PBXFileReference; fileEncoding = 4; lastKnownFileType = sourcecode.c.h; path = CommonConst.h; sourceTree = "<group>"; };
		C1562FFC1F5065FE00D6CC30 /* NetWorkAPI.h */ = {isa = PBXFileReference; fileEncoding = 4; lastKnownFileType = sourcecode.c.h; path = NetWorkAPI.h; sourceTree = "<group>"; };
		C1562FFD1F5065FE00D6CC30 /* NotificationConst.h */ = {isa = PBXFileReference; fileEncoding = 4; lastKnownFileType = sourcecode.c.h; path = NotificationConst.h; sourceTree = "<group>"; };
		C1562FFE1F5065FE00D6CC30 /* NotificationConst.m */ = {isa = PBXFileReference; fileEncoding = 4; lastKnownFileType = sourcecode.c.objc; path = NotificationConst.m; sourceTree = "<group>"; };
		C1562FFF1F5065FE00D6CC30 /* ThemeConst.h */ = {isa = PBXFileReference; fileEncoding = 4; lastKnownFileType = sourcecode.c.h; path = ThemeConst.h; sourceTree = "<group>"; };
		C15630001F5065FE00D6CC30 /* TheThirdPartConst.h */ = {isa = PBXFileReference; fileEncoding = 4; lastKnownFileType = sourcecode.c.h; path = TheThirdPartConst.h; sourceTree = "<group>"; };
		C15630011F5065FE00D6CC30 /* UserDefaultConst.h */ = {isa = PBXFileReference; fileEncoding = 4; lastKnownFileType = sourcecode.c.h; path = UserDefaultConst.h; sourceTree = "<group>"; };
		C15630021F5065FE00D6CC30 /* UtilsEnum.h */ = {isa = PBXFileReference; fileEncoding = 4; lastKnownFileType = sourcecode.c.h; path = UtilsEnum.h; sourceTree = "<group>"; };
		C15630031F5065FE00D6CC30 /* UtilsMacro.h */ = {isa = PBXFileReference; fileEncoding = 4; lastKnownFileType = sourcecode.c.h; path = UtilsMacro.h; sourceTree = "<group>"; };
		C15630041F5065FE00D6CC30 /* XJFConstant.h */ = {isa = PBXFileReference; fileEncoding = 4; lastKnownFileType = sourcecode.c.h; path = XJFConstant.h; sourceTree = "<group>"; };
		C15630061F5065FE00D6CC30 /* XJFBaseNavigationController.h */ = {isa = PBXFileReference; fileEncoding = 4; lastKnownFileType = sourcecode.c.h; path = XJFBaseNavigationController.h; sourceTree = "<group>"; };
		C15630071F5065FE00D6CC30 /* XJFBaseNavigationController.m */ = {isa = PBXFileReference; fileEncoding = 4; lastKnownFileType = sourcecode.c.objc; path = XJFBaseNavigationController.m; sourceTree = "<group>"; };
		C15630081F5065FE00D6CC30 /* XJFBaseViewController.h */ = {isa = PBXFileReference; fileEncoding = 4; lastKnownFileType = sourcecode.c.h; path = XJFBaseViewController.h; sourceTree = "<group>"; };
		C15630091F5065FE00D6CC30 /* XJFBaseViewController.m */ = {isa = PBXFileReference; fileEncoding = 4; lastKnownFileType = sourcecode.c.objc; path = XJFBaseViewController.m; sourceTree = "<group>"; };
		C156300A1F5065FE00D6CC30 /* XJFContoller.h */ = {isa = PBXFileReference; fileEncoding = 4; lastKnownFileType = sourcecode.c.h; path = XJFContoller.h; sourceTree = "<group>"; };
		C156300B1F5065FE00D6CC30 /* CustomFramework.h */ = {isa = PBXFileReference; fileEncoding = 4; lastKnownFileType = sourcecode.c.h; path = CustomFramework.h; sourceTree = "<group>"; };
		C156300D1F5065FE00D6CC30 /* XJFBaseModel.h */ = {isa = PBXFileReference; fileEncoding = 4; lastKnownFileType = sourcecode.c.h; path = XJFBaseModel.h; sourceTree = "<group>"; };
		C156300E1F5065FE00D6CC30 /* XJFBaseModel.m */ = {isa = PBXFileReference; fileEncoding = 4; lastKnownFileType = sourcecode.c.objc; path = XJFBaseModel.m; sourceTree = "<group>"; };
		C15630101F5065FE00D6CC30 /* XJFDBManager.h */ = {isa = PBXFileReference; fileEncoding = 4; lastKnownFileType = sourcecode.c.h; path = XJFDBManager.h; sourceTree = "<group>"; };
		C15630111F5065FE00D6CC30 /* XJFDBManager.m */ = {isa = PBXFileReference; fileEncoding = 4; lastKnownFileType = sourcecode.c.objc; path = XJFDBManager.m; sourceTree = "<group>"; };
		C15630121F5065FE00D6CC30 /* XJFDBOperator.h */ = {isa = PBXFileReference; fileEncoding = 4; lastKnownFileType = sourcecode.c.h; path = XJFDBOperator.h; sourceTree = "<group>"; };
		C15630131F5065FE00D6CC30 /* XJFDBOperator.m */ = {isa = PBXFileReference; fileEncoding = 4; lastKnownFileType = sourcecode.c.objc; path = XJFDBOperator.m; sourceTree = "<group>"; };
		C15630141F5065FE00D6CC30 /* XJFHUDManager.h */ = {isa = PBXFileReference; fileEncoding = 4; lastKnownFileType = sourcecode.c.h; path = XJFHUDManager.h; sourceTree = "<group>"; };
		C15630151F5065FE00D6CC30 /* XJFHUDManager.m */ = {isa = PBXFileReference; fileEncoding = 4; lastKnownFileType = sourcecode.c.objc; path = XJFHUDManager.m; sourceTree = "<group>"; };
		C15630161F5065FE00D6CC30 /* XJFNetworkManager.h */ = {isa = PBXFileReference; fileEncoding = 4; lastKnownFileType = sourcecode.c.h; path = XJFNetworkManager.h; sourceTree = "<group>"; };
		C15630171F5065FE00D6CC30 /* XJFNetworkManager.m */ = {isa = PBXFileReference; fileEncoding = 4; lastKnownFileType = sourcecode.c.objc; path = XJFNetworkManager.m; sourceTree = "<group>"; };
		C15630181F5065FE00D6CC30 /* XJFServerManager.h */ = {isa = PBXFileReference; fileEncoding = 4; lastKnownFileType = sourcecode.c.h; path = XJFServerManager.h; sourceTree = "<group>"; };
		C15630191F5065FE00D6CC30 /* XJFServerManager.m */ = {isa = PBXFileReference; fileEncoding = 4; lastKnownFileType = sourcecode.c.objc; path = XJFServerManager.m; sourceTree = "<group>"; };
		C156301A1F5065FE00D6CC30 /* XJFUtils.h */ = {isa = PBXFileReference; fileEncoding = 4; lastKnownFileType = sourcecode.c.h; path = XJFUtils.h; sourceTree = "<group>"; };
		C156301C1F5065FE00D6CC30 /* XJFBackgroundView.h */ = {isa = PBXFileReference; fileEncoding = 4; lastKnownFileType = sourcecode.c.h; path = XJFBackgroundView.h; sourceTree = "<group>"; };
		C156301D1F5065FE00D6CC30 /* XJFBackgroundView.m */ = {isa = PBXFileReference; fileEncoding = 4; lastKnownFileType = sourcecode.c.objc; path = XJFBackgroundView.m; sourceTree = "<group>"; };
		C156301E1F5065FE00D6CC30 /* XJFSeperatorLineView.h */ = {isa = PBXFileReference; fileEncoding = 4; lastKnownFileType = sourcecode.c.h; path = XJFSeperatorLineView.h; sourceTree = "<group>"; };
		C156301F1F5065FE00D6CC30 /* XJFSeperatorLineView.m */ = {isa = PBXFileReference; fileEncoding = 4; lastKnownFileType = sourcecode.c.objc; path = XJFSeperatorLineView.m; sourceTree = "<group>"; };
		C15630201F5065FE00D6CC30 /* XJFUIButton.h */ = {isa = PBXFileReference; fileEncoding = 4; lastKnownFileType = sourcecode.c.h; path = XJFUIButton.h; sourceTree = "<group>"; };
		C15630211F5065FE00D6CC30 /* XJFUIButton.m */ = {isa = PBXFileReference; fileEncoding = 4; lastKnownFileType = sourcecode.c.objc; path = XJFUIButton.m; sourceTree = "<group>"; };
		C15630221F5065FE00D6CC30 /* XJFUIImageView.h */ = {isa = PBXFileReference; fileEncoding = 4; lastKnownFileType = sourcecode.c.h; path = XJFUIImageView.h; sourceTree = "<group>"; };
		C15630231F5065FE00D6CC30 /* XJFUIImageView.m */ = {isa = PBXFileReference; fileEncoding = 4; lastKnownFileType = sourcecode.c.objc; path = XJFUIImageView.m; sourceTree = "<group>"; };
		C15630241F5065FE00D6CC30 /* XJFUILabel.h */ = {isa = PBXFileReference; fileEncoding = 4; lastKnownFileType = sourcecode.c.h; path = XJFUILabel.h; sourceTree = "<group>"; };
		C15630251F5065FE00D6CC30 /* XJFUILabel.m */ = {isa = PBXFileReference; fileEncoding = 4; lastKnownFileType = sourcecode.c.objc; path = XJFUILabel.m; sourceTree = "<group>"; };
		C15630261F5065FE00D6CC30 /* XJFUITextField.h */ = {isa = PBXFileReference; fileEncoding = 4; lastKnownFileType = sourcecode.c.h; path = XJFUITextField.h; sourceTree = "<group>"; };
		C15630271F5065FE00D6CC30 /* XJFUITextField.m */ = {isa = PBXFileReference; fileEncoding = 4; lastKnownFileType = sourcecode.c.objc; path = XJFUITextField.m; sourceTree = "<group>"; };
		C15630281F5065FE00D6CC30 /* XJFUITextView.h */ = {isa = PBXFileReference; fileEncoding = 4; lastKnownFileType = sourcecode.c.h; path = XJFUITextView.h; sourceTree = "<group>"; };
		C15630291F5065FE00D6CC30 /* XJFUITextView.m */ = {isa = PBXFileReference; fileEncoding = 4; lastKnownFileType = sourcecode.c.objc; path = XJFUITextView.m; sourceTree = "<group>"; };
		C156302A1F5065FE00D6CC30 /* XJFUIView.h */ = {isa = PBXFileReference; fileEncoding = 4; lastKnownFileType = sourcecode.c.h; path = XJFUIView.h; sourceTree = "<group>"; };
		C156302B1F5065FE00D6CC30 /* XJFUIView.m */ = {isa = PBXFileReference; fileEncoding = 4; lastKnownFileType = sourcecode.c.objc; path = XJFUIView.m; sourceTree = "<group>"; };
		C156302C1F5065FE00D6CC30 /* XJFView.h */ = {isa = PBXFileReference; fileEncoding = 4; lastKnownFileType = sourcecode.c.h; path = XJFView.h; sourceTree = "<group>"; };
		C15847611F5E71E900D785A6 /* BleDevice.h */ = {isa = PBXFileReference; fileEncoding = 4; lastKnownFileType = sourcecode.c.h; path = BleDevice.h; sourceTree = "<group>"; };
		C15847621F5E71E900D785A6 /* BleDevice.m */ = {isa = PBXFileReference; fileEncoding = 4; lastKnownFileType = sourcecode.c.objc; path = BleDevice.m; sourceTree = "<group>"; };
		C15847631F5E71E900D785A6 /* BleDeviceBroadcast.h */ = {isa = PBXFileReference; fileEncoding = 4; lastKnownFileType = sourcecode.c.h; path = BleDeviceBroadcast.h; sourceTree = "<group>"; };
		C15847641F5E71E900D785A6 /* BleDeviceBroadcast.m */ = {isa = PBXFileReference; fileEncoding = 4; lastKnownFileType = sourcecode.c.objc; path = BleDeviceBroadcast.m; sourceTree = "<group>"; };
		C15847651F5E71E900D785A6 /* WoodpeckerSensorData.h */ = {isa = PBXFileReference; fileEncoding = 4; lastKnownFileType = sourcecode.c.h; path = WoodpeckerSensorData.h; sourceTree = "<group>"; };
		C15847661F5E71E900D785A6 /* WoodpeckerSensorData.m */ = {isa = PBXFileReference; fileEncoding = 4; lastKnownFileType = sourcecode.c.objc; path = WoodpeckerSensorData.m; sourceTree = "<group>"; };
		C158476A1F5E71F200D785A6 /* MMCBluetoothManager.h */ = {isa = PBXFileReference; fileEncoding = 4; lastKnownFileType = sourcecode.c.h; path = MMCBluetoothManager.h; sourceTree = "<group>"; };
		C158476B1F5E71F200D785A6 /* MMCBluetoothManager.m */ = {isa = PBXFileReference; fileEncoding = 4; lastKnownFileType = sourcecode.c.objc; path = MMCBluetoothManager.m; sourceTree = "<group>"; };
		C158476C1F5E71F200D785A6 /* MMCDeviceManager.h */ = {isa = PBXFileReference; fileEncoding = 4; lastKnownFileType = sourcecode.c.h; path = MMCDeviceManager.h; sourceTree = "<group>"; };
		C158476D1F5E71F200D785A6 /* MMCDeviceManager.m */ = {isa = PBXFileReference; fileEncoding = 4; lastKnownFileType = sourcecode.c.objc; path = MMCDeviceManager.m; sourceTree = "<group>"; };
		C15847721F5E85F100D785A6 /* BluetoothConst.h */ = {isa = PBXFileReference; fileEncoding = 4; lastKnownFileType = sourcecode.c.h; path = BluetoothConst.h; sourceTree = "<group>"; };
		C15847731F5E877200D785A6 /* MiBluetoothFramework.framework */ = {isa = PBXFileReference; lastKnownFileType = wrapper.framework; path = MiBluetoothFramework.framework; sourceTree = "<group>"; };
		C16011781F5F8AB600F7B900 /* WPAccountManager.h */ = {isa = PBXFileReference; fileEncoding = 4; lastKnownFileType = sourcecode.c.h; path = WPAccountManager.h; sourceTree = "<group>"; };
		C16011791F5F8AB600F7B900 /* WPAccountManager.m */ = {isa = PBXFileReference; fileEncoding = 4; lastKnownFileType = sourcecode.c.objc; path = WPAccountManager.m; sourceTree = "<group>"; };
		C1D89C591F5D3DF800DA4D92 /* MiPassport.framework */ = {isa = PBXFileReference; lastKnownFileType = wrapper.framework; path = MiPassport.framework; sourceTree = "<group>"; };
		C1D89C5B1F5D3E1300DA4D92 /* MiPassport.bundle */ = {isa = PBXFileReference; lastKnownFileType = "wrapper.plug-in"; path = MiPassport.bundle; sourceTree = "<group>"; };
		C1FE07FA1F5BCA3C0054A254 /* btn-navi-back@2x.png */ = {isa = PBXFileReference; lastKnownFileType = image.png; path = "btn-navi-back@2x.png"; sourceTree = "<group>"; };
		C1FE07FB1F5BCA3C0054A254 /* btn-navi-back@3x.png */ = {isa = PBXFileReference; lastKnownFileType = image.png; path = "btn-navi-back@3x.png"; sourceTree = "<group>"; };
		C1FE07FC1F5BCA3C0054A254 /* btn-navi-device-add@2x.png */ = {isa = PBXFileReference; lastKnownFileType = image.png; path = "btn-navi-device-add@2x.png"; sourceTree = "<group>"; };
		C1FE07FD1F5BCA3C0054A254 /* btn-navi-device-add@3x.png */ = {isa = PBXFileReference; lastKnownFileType = image.png; path = "btn-navi-device-add@3x.png"; sourceTree = "<group>"; };
		C1FE07FE1F5BCA3C0054A254 /* btn-navi-device-con@2x.png */ = {isa = PBXFileReference; lastKnownFileType = image.png; path = "btn-navi-device-con@2x.png"; sourceTree = "<group>"; };
		C1FE07FF1F5BCA3C0054A254 /* btn-navi-device-con@3x.png */ = {isa = PBXFileReference; lastKnownFileType = image.png; path = "btn-navi-device-con@3x.png"; sourceTree = "<group>"; };
		C1FE08001F5BCA3C0054A254 /* btn-navi-device-connecking@3x.png */ = {isa = PBXFileReference; lastKnownFileType = image.png; path = "btn-navi-device-connecking@3x.png"; sourceTree = "<group>"; };
		C1FE08011F5BCA3C0054A254 /* btn-navi-device-connecting@2x.png */ = {isa = PBXFileReference; lastKnownFileType = image.png; path = "btn-navi-device-connecting@2x.png"; sourceTree = "<group>"; };
		C1FE08021F5BCA3C0054A254 /* btn-navi-device-nc@2x.png */ = {isa = PBXFileReference; lastKnownFileType = image.png; path = "btn-navi-device-nc@2x.png"; sourceTree = "<group>"; };
		C1FE08031F5BCA3C0054A254 /* btn-navi-device-nc@3x.png */ = {isa = PBXFileReference; lastKnownFileType = image.png; path = "btn-navi-device-nc@3x.png"; sourceTree = "<group>"; };
		C1FE08041F5BCA3C0054A254 /* btn-navi-landscape@2x.png */ = {isa = PBXFileReference; lastKnownFileType = image.png; path = "btn-navi-landscape@2x.png"; sourceTree = "<group>"; };
		C1FE08051F5BCA3C0054A254 /* btn-navi-landscape@3x.png */ = {isa = PBXFileReference; lastKnownFileType = image.png; path = "btn-navi-landscape@3x.png"; sourceTree = "<group>"; };
		C1FE08061F5BCA3C0054A254 /* btn-navi-status-cale@2x.png */ = {isa = PBXFileReference; lastKnownFileType = image.png; path = "btn-navi-status-cale@2x.png"; sourceTree = "<group>"; };
		C1FE08071F5BCA3C0054A254 /* btn-navi-status-cale@3x.png */ = {isa = PBXFileReference; lastKnownFileType = image.png; path = "btn-navi-status-cale@3x.png"; sourceTree = "<group>"; };
		C1FE08081F5BCA3C0054A254 /* btn-navi-status-today@2x.png */ = {isa = PBXFileReference; lastKnownFileType = image.png; path = "btn-navi-status-today@2x.png"; sourceTree = "<group>"; };
		C1FE08091F5BCA3C0054A254 /* btn-navi-status-today@3x.png */ = {isa = PBXFileReference; lastKnownFileType = image.png; path = "btn-navi-status-today@3x.png"; sourceTree = "<group>"; };
		C1FE080A1F5BCA3C0054A254 /* btn-tab-curve-p@2x.png */ = {isa = PBXFileReference; lastKnownFileType = image.png; path = "btn-tab-curve-p@2x.png"; sourceTree = "<group>"; };
		C1FE080B1F5BCA3C0054A254 /* btn-tab-curve-p@3x.png */ = {isa = PBXFileReference; lastKnownFileType = image.png; path = "btn-tab-curve-p@3x.png"; sourceTree = "<group>"; };
		C1FE080C1F5BCA3C0054A254 /* btn-tab-curve-u@2x.png */ = {isa = PBXFileReference; lastKnownFileType = image.png; path = "btn-tab-curve-u@2x.png"; sourceTree = "<group>"; };
		C1FE080D1F5BCA3C0054A254 /* btn-tab-curve-u@3x.png */ = {isa = PBXFileReference; lastKnownFileType = image.png; path = "btn-tab-curve-u@3x.png"; sourceTree = "<group>"; };
		C1FE080E1F5BCA3C0054A254 /* btn-tab-me-p@2x.png */ = {isa = PBXFileReference; lastKnownFileType = image.png; path = "btn-tab-me-p@2x.png"; sourceTree = "<group>"; };
		C1FE080F1F5BCA3C0054A254 /* btn-tab-me-p@3x.png */ = {isa = PBXFileReference; lastKnownFileType = image.png; path = "btn-tab-me-p@3x.png"; sourceTree = "<group>"; };
		C1FE08101F5BCA3C0054A254 /* btn-tab-me-u@2x.png */ = {isa = PBXFileReference; lastKnownFileType = image.png; path = "btn-tab-me-u@2x.png"; sourceTree = "<group>"; };
		C1FE08111F5BCA3C0054A254 /* btn-tab-me-u@3x.png */ = {isa = PBXFileReference; lastKnownFileType = image.png; path = "btn-tab-me-u@3x.png"; sourceTree = "<group>"; };
		C1FE08121F5BCA3C0054A254 /* btn-tab-status-s@2x.png */ = {isa = PBXFileReference; lastKnownFileType = image.png; path = "btn-tab-status-s@2x.png"; sourceTree = "<group>"; };
		C1FE08131F5BCA3C0054A254 /* btn-tab-status-s@3x.png */ = {isa = PBXFileReference; lastKnownFileType = image.png; path = "btn-tab-status-s@3x.png"; sourceTree = "<group>"; };
		C1FE08141F5BCA3C0054A254 /* btn-tab-status-u@2x.png */ = {isa = PBXFileReference; lastKnownFileType = image.png; path = "btn-tab-status-u@2x.png"; sourceTree = "<group>"; };
		C1FE08151F5BCA3C0054A254 /* btn-tab-status-u@3x.png */ = {isa = PBXFileReference; lastKnownFileType = image.png; path = "btn-tab-status-u@3x.png"; sourceTree = "<group>"; };
		C1FE08161F5BCA3C0054A254 /* icon-info@2x.png */ = {isa = PBXFileReference; lastKnownFileType = image.png; path = "icon-info@2x.png"; sourceTree = "<group>"; };
		C1FE08171F5BCA3C0054A254 /* icon-info@3x.png */ = {isa = PBXFileReference; lastKnownFileType = image.png; path = "icon-info@3x.png"; sourceTree = "<group>"; };
		C1FE08181F5BCA3C0054A254 /* icon-record-ct@2x.png */ = {isa = PBXFileReference; lastKnownFileType = image.png; path = "icon-record-ct@2x.png"; sourceTree = "<group>"; };
		C1FE08191F5BCA3C0054A254 /* icon-record-ct@3x.png */ = {isa = PBXFileReference; lastKnownFileType = image.png; path = "icon-record-ct@3x.png"; sourceTree = "<group>"; };
		C1FE081A1F5BCA3C0054A254 /* icon-record-details@2x.png */ = {isa = PBXFileReference; lastKnownFileType = image.png; path = "icon-record-details@2x.png"; sourceTree = "<group>"; };
		C1FE081B1F5BCA3C0054A254 /* icon-record-details@3x.png */ = {isa = PBXFileReference; lastKnownFileType = image.png; path = "icon-record-details@3x.png"; sourceTree = "<group>"; };
		C1FE081C1F5BCA3C0054A254 /* icon-record-drink@2x.png */ = {isa = PBXFileReference; lastKnownFileType = image.png; path = "icon-record-drink@2x.png"; sourceTree = "<group>"; };
		C1FE081D1F5BCA3C0054A254 /* icon-record-drink@3x.png */ = {isa = PBXFileReference; lastKnownFileType = image.png; path = "icon-record-drink@3x.png"; sourceTree = "<group>"; };
		C1FE081E1F5BCA3C0054A254 /* icon-record-drug@2x.png */ = {isa = PBXFileReference; lastKnownFileType = image.png; path = "icon-record-drug@2x.png"; sourceTree = "<group>"; };
		C1FE081F1F5BCA3C0054A254 /* icon-record-drug@3x.png */ = {isa = PBXFileReference; lastKnownFileType = image.png; path = "icon-record-drug@3x.png"; sourceTree = "<group>"; };
		C1FE08201F5BCA3C0054A254 /* icon-record-love@2x.png */ = {isa = PBXFileReference; lastKnownFileType = image.png; path = "icon-record-love@2x.png"; sourceTree = "<group>"; };
		C1FE08211F5BCA3C0054A254 /* icon-record-love@3x.png */ = {isa = PBXFileReference; lastKnownFileType = image.png; path = "icon-record-love@3x.png"; sourceTree = "<group>"; };
		C1FE08221F5BCA3C0054A254 /* icon-record-menses@2x.png */ = {isa = PBXFileReference; lastKnownFileType = image.png; path = "icon-record-menses@2x.png"; sourceTree = "<group>"; };
		C1FE08231F5BCA3C0054A254 /* icon-record-menses@3x.png */ = {isa = PBXFileReference; lastKnownFileType = image.png; path = "icon-record-menses@3x.png"; sourceTree = "<group>"; };
		C1FE08241F5BCA3C0054A254 /* icon-record-mood@2x.png */ = {isa = PBXFileReference; lastKnownFileType = image.png; path = "icon-record-mood@2x.png"; sourceTree = "<group>"; };
		C1FE08251F5BCA3C0054A254 /* icon-record-mood@3x.png */ = {isa = PBXFileReference; lastKnownFileType = image.png; path = "icon-record-mood@3x.png"; sourceTree = "<group>"; };
		C1FE08261F5BCA3C0054A254 /* icon-record-mucus@2x.png */ = {isa = PBXFileReference; lastKnownFileType = image.png; path = "icon-record-mucus@2x.png"; sourceTree = "<group>"; };
		C1FE08271F5BCA3C0054A254 /* icon-record-mucus@3x.png */ = {isa = PBXFileReference; lastKnownFileType = image.png; path = "icon-record-mucus@3x.png"; sourceTree = "<group>"; };
		C1FE08281F5BCA3C0054A254 /* icon-record-note@2x.png */ = {isa = PBXFileReference; lastKnownFileType = image.png; path = "icon-record-note@2x.png"; sourceTree = "<group>"; };
		C1FE08291F5BCA3C0054A254 /* icon-record-note@3x.png */ = {isa = PBXFileReference; lastKnownFileType = image.png; path = "icon-record-note@3x.png"; sourceTree = "<group>"; };
		C1FE082A1F5BCA3C0054A254 /* icon-record-sleep@2x.png */ = {isa = PBXFileReference; lastKnownFileType = image.png; path = "icon-record-sleep@2x.png"; sourceTree = "<group>"; };
		C1FE082B1F5BCA3C0054A254 /* icon-record-sleep@3x.png */ = {isa = PBXFileReference; lastKnownFileType = image.png; path = "icon-record-sleep@3x.png"; sourceTree = "<group>"; };
		C1FE082C1F5BCA3C0054A254 /* icon-record-sport@2x.png */ = {isa = PBXFileReference; lastKnownFileType = image.png; path = "icon-record-sport@2x.png"; sourceTree = "<group>"; };
		C1FE082D1F5BCA3C0054A254 /* icon-record-sport@3x.png */ = {isa = PBXFileReference; lastKnownFileType = image.png; path = "icon-record-sport@3x.png"; sourceTree = "<group>"; };
		C1FE082E1F5BCA3C0054A254 /* icon-record-weight@2x.png */ = {isa = PBXFileReference; lastKnownFileType = image.png; path = "icon-record-weight@2x.png"; sourceTree = "<group>"; };
		C1FE082F1F5BCA3C0054A254 /* icon-record-weight@3x.png */ = {isa = PBXFileReference; lastKnownFileType = image.png; path = "icon-record-weight@3x.png"; sourceTree = "<group>"; };
		C1FE08301F5BCA3C0054A254 /* icon-status-edit@2x.png */ = {isa = PBXFileReference; lastKnownFileType = image.png; path = "icon-status-edit@2x.png"; sourceTree = "<group>"; };
		C1FE08311F5BCA3C0054A254 /* icon-status-edit@3x.png */ = {isa = PBXFileReference; lastKnownFileType = image.png; path = "icon-status-edit@3x.png"; sourceTree = "<group>"; };
		C1FE086A1F5BCA810054A254 /* WPMainViewController.h */ = {isa = PBXFileReference; fileEncoding = 4; lastKnownFileType = sourcecode.c.h; path = WPMainViewController.h; sourceTree = "<group>"; };
		C1FE086B1F5BCA810054A254 /* WPMainViewController.m */ = {isa = PBXFileReference; fileEncoding = 4; lastKnownFileType = sourcecode.c.objc; path = WPMainViewController.m; sourceTree = "<group>"; };
		C1FE086D1F5BCA8D0054A254 /* WPMainViewModel.h */ = {isa = PBXFileReference; fileEncoding = 4; lastKnownFileType = sourcecode.c.h; path = WPMainViewModel.h; sourceTree = "<group>"; };
		C1FE086E1F5BCA8D0054A254 /* WPMainViewModel.m */ = {isa = PBXFileReference; fileEncoding = 4; lastKnownFileType = sourcecode.c.objc; path = WPMainViewModel.m; sourceTree = "<group>"; };
		C1FE08791F5BCFE90054A254 /* WPStatusViewController.h */ = {isa = PBXFileReference; fileEncoding = 4; lastKnownFileType = sourcecode.c.h; path = WPStatusViewController.h; sourceTree = "<group>"; };
		C1FE087A1F5BCFE90054A254 /* WPStatusViewController.m */ = {isa = PBXFileReference; fileEncoding = 4; lastKnownFileType = sourcecode.c.objc; path = WPStatusViewController.m; sourceTree = "<group>"; };
		C1FE087C1F5BCFFA0054A254 /* WPTemperatureRecordViewController.h */ = {isa = PBXFileReference; fileEncoding = 4; lastKnownFileType = sourcecode.c.h; path = WPTemperatureRecordViewController.h; sourceTree = "<group>"; };
		C1FE087D1F5BCFFA0054A254 /* WPTemperatureRecordViewController.m */ = {isa = PBXFileReference; fileEncoding = 4; lastKnownFileType = sourcecode.c.objc; path = WPTemperatureRecordViewController.m; sourceTree = "<group>"; };
		C1FE087F1F5BD00A0054A254 /* WPMyInfoViewController.h */ = {isa = PBXFileReference; fileEncoding = 4; lastKnownFileType = sourcecode.c.h; path = WPMyInfoViewController.h; sourceTree = "<group>"; };
		C1FE08801F5BD00A0054A254 /* WPMyInfoViewController.m */ = {isa = PBXFileReference; fileEncoding = 4; lastKnownFileType = sourcecode.c.objc; path = WPMyInfoViewController.m; sourceTree = "<group>"; };
		CC7214231F64E92C00AE2D82 /* WPLoginView.h */ = {isa = PBXFileReference; fileEncoding = 4; lastKnownFileType = sourcecode.c.h; path = WPLoginView.h; sourceTree = "<group>"; };
		CC7214241F64E92C00AE2D82 /* WPLoginView.m */ = {isa = PBXFileReference; fileEncoding = 4; lastKnownFileType = sourcecode.c.objc; path = WPLoginView.m; sourceTree = "<group>"; };
		CC7214261F64E96300AE2D82 /* WPLoginViewModel.h */ = {isa = PBXFileReference; fileEncoding = 4; lastKnownFileType = sourcecode.c.h; path = WPLoginViewModel.h; sourceTree = "<group>"; };
		CC7214271F64E96300AE2D82 /* WPLoginViewModel.m */ = {isa = PBXFileReference; fileEncoding = 4; lastKnownFileType = sourcecode.c.objc; path = WPLoginViewModel.m; sourceTree = "<group>"; };
		CC7214301F64F55200AE2D82 /* UIView+Extensions.h */ = {isa = PBXFileReference; fileEncoding = 4; lastKnownFileType = sourcecode.c.h; path = "UIView+Extensions.h"; sourceTree = "<group>"; };
		CC7214311F64F55200AE2D82 /* UIView+Extensions.m */ = {isa = PBXFileReference; fileEncoding = 4; lastKnownFileType = sourcecode.c.objc; path = "UIView+Extensions.m"; sourceTree = "<group>"; };
		D763EE217E13AB564BD30CBB /* Pods-woodpecker.debug.xcconfig */ = {isa = PBXFileReference; includeInIndex = 1; lastKnownFileType = text.xcconfig; name = "Pods-woodpecker.debug.xcconfig"; path = "Pods/Target Support Files/Pods-woodpecker/Pods-woodpecker.debug.xcconfig"; sourceTree = "<group>"; };
/* End PBXFileReference section */

/* Begin PBXFrameworksBuildPhase section */
		C14CA3F21F4FB2B1007F50A1 /* Frameworks */ = {
			isa = PBXFrameworksBuildPhase;
			buildActionMask = 2147483647;
			files = (
				C1D89C5A1F5D3DF800DA4D92 /* MiPassport.framework in Frameworks */,
				C15847741F5E877200D785A6 /* MiBluetoothFramework.framework in Frameworks */,
				135676341C8E6BA53718F116 /* libPods-woodpecker.a in Frameworks */,
			);
			runOnlyForDeploymentPostprocessing = 0;
		};
/* End PBXFrameworksBuildPhase section */

/* Begin PBXGroup section */
		C14CA3EC1F4FB2B1007F50A1 = {
			isa = PBXGroup;
			children = (
				C14CA3F71F4FB2B1007F50A1 /* woodpecker */,
				C14CA3F61F4FB2B1007F50A1 /* Products */,
				C23E86682DC0EDD4555C432B /* Pods */,
				F54DD6FADDEF2E5E0113AD58 /* Frameworks */,
			);
			sourceTree = "<group>";
		};
		C14CA3F61F4FB2B1007F50A1 /* Products */ = {
			isa = PBXGroup;
			children = (
				C14CA3F51F4FB2B1007F50A1 /* woodpecker.app */,
			);
			name = Products;
			sourceTree = "<group>";
		};
		C14CA3F71F4FB2B1007F50A1 /* woodpecker */ = {
			isa = PBXGroup;
			children = (
				C15847601F5E71C200D785A6 /* CommonManager */,
				C1FE07F81F5BCA100054A254 /* Resource */,
				C199D3A01F51463500431AF2 /* Controller */,
				C199D3A11F51463C00431AF2 /* ViewModel */,
				C199D3A21F51464700431AF2 /* View */,
				C199D39F1F51462800431AF2 /* Model */,
				C1562FD41F5065FE00D6CC30 /* CustomFramework */,
				C14CA3F81F4FB2B1007F50A1 /* Supporting Files */,
			);
			path = woodpecker;
			sourceTree = "<group>";
		};
		C14CA3F81F4FB2B1007F50A1 /* Supporting Files */ = {
			isa = PBXGroup;
			children = (
				C14CA3FB1F4FB2B1007F50A1 /* AppDelegate.h */,
				C14CA3FC1F4FB2B1007F50A1 /* AppDelegate.m */,
				C14CA3F91F4FB2B1007F50A1 /* main.m */,
				C1562F0B1F505E6600D6CC30 /* PrefixHeader.pch */,
				C1562FD11F5064DE00D6CC30 /* initServer.h */,
				C1562FD21F5064DE00D6CC30 /* initServer.mm */,
				C14CA4041F4FB2B1007F50A1 /* Assets.xcassets */,
				C14CA4091F4FB2B2007F50A1 /* Info.plist */,
				C1562F101F50638800D6CC30 /* Localization.strings */,
			);
			name = "Supporting Files";
			sourceTree = "<group>";
		};
		C1562FD41F5065FE00D6CC30 /* CustomFramework */ = {
			isa = PBXGroup;
			children = (
				C156300B1F5065FE00D6CC30 /* CustomFramework.h */,
				C1562FD51F5065FE00D6CC30 /* Category */,
				C1562FFA1F5065FE00D6CC30 /* Constant */,
				C15630051F5065FE00D6CC30 /* Controller */,
				C156300C1F5065FE00D6CC30 /* Model */,
				C156300F1F5065FE00D6CC30 /* Utils */,
				C156301B1F5065FE00D6CC30 /* View */,
			);
			path = CustomFramework;
			sourceTree = "<group>";
		};
		C1562FD51F5065FE00D6CC30 /* Category */ = {
			isa = PBXGroup;
			children = (
				CC72142E1F64F4F600AE2D82 /* UIView */,
				C1562FD61F5065FE00D6CC30 /* NSArray */,
				C1562FD91F5065FE00D6CC30 /* NSDate */,
				C1562FDE1F5065FE00D6CC30 /* NSDictionary */,
				C1562FE31F5065FE00D6CC30 /* NSFileManager+Extensions.h */,
				C1562FE41F5065FE00D6CC30 /* NSFileManager+Extensions.m */,
				C1562FE51F5065FE00D6CC30 /* NSString */,
				C1562FE81F5065FE00D6CC30 /* UIButton */,
				C1562FEB1F5065FE00D6CC30 /* UIColor */,
				C1562FEE1F5065FE00D6CC30 /* UIImage */,
				C1562FF31F5065FE00D6CC30 /* UIImageView */,
				C1562FF61F5065FE00D6CC30 /* UITableViewCell */,
				C1562FF91F5065FE00D6CC30 /* XJFCategory.h */,
			);
			path = Category;
			sourceTree = "<group>";
		};
		C1562FD61F5065FE00D6CC30 /* NSArray */ = {
			isa = PBXGroup;
			children = (
				C1562FD71F5065FE00D6CC30 /* NSArray+Extension.h */,
				C1562FD81F5065FE00D6CC30 /* NSArray+Extension.m */,
			);
			path = NSArray;
			sourceTree = "<group>";
		};
		C1562FD91F5065FE00D6CC30 /* NSDate */ = {
			isa = PBXGroup;
			children = (
				C1562FDA1F5065FE00D6CC30 /* NSDate+ext.h */,
				C1562FDB1F5065FE00D6CC30 /* NSDate+ext.m */,
				C1562FDC1F5065FE00D6CC30 /* NSDate+Extension.h */,
				C1562FDD1F5065FE00D6CC30 /* NSDate+Extension.m */,
			);
			path = NSDate;
			sourceTree = "<group>";
		};
		C1562FDE1F5065FE00D6CC30 /* NSDictionary */ = {
			isa = PBXGroup;
			children = (
				C1562FDF1F5065FE00D6CC30 /* NSDictionary+Extension.h */,
				C1562FE01F5065FE00D6CC30 /* NSDictionary+Extension.m */,
				C1562FE11F5065FE00D6CC30 /* NSMutableDictionary+Extension.h */,
				C1562FE21F5065FE00D6CC30 /* NSMutableDictionary+Extension.m */,
			);
			path = NSDictionary;
			sourceTree = "<group>";
		};
		C1562FE51F5065FE00D6CC30 /* NSString */ = {
			isa = PBXGroup;
			children = (
				C1562FE61F5065FE00D6CC30 /* NSString+Extension.h */,
				C1562FE71F5065FE00D6CC30 /* NSString+Extension.m */,
			);
			path = NSString;
			sourceTree = "<group>";
		};
		C1562FE81F5065FE00D6CC30 /* UIButton */ = {
			isa = PBXGroup;
			children = (
				C1562FE91F5065FE00D6CC30 /* UIButton+SD.h */,
				C1562FEA1F5065FE00D6CC30 /* UIButton+SD.m */,
			);
			path = UIButton;
			sourceTree = "<group>";
		};
		C1562FEB1F5065FE00D6CC30 /* UIColor */ = {
			isa = PBXGroup;
			children = (
				C1562FEC1F5065FE00D6CC30 /* UIColor+Hex.h */,
				C1562FED1F5065FE00D6CC30 /* UIColor+Hex.m */,
			);
			path = UIColor;
			sourceTree = "<group>";
		};
		C1562FEE1F5065FE00D6CC30 /* UIImage */ = {
			isa = PBXGroup;
			children = (
				C1562FEF1F5065FE00D6CC30 /* UIImage+animatedGIF.h */,
				C1562FF01F5065FE00D6CC30 /* UIImage+animatedGIF.m */,
				C1562FF11F5065FE00D6CC30 /* UIImage+Extension.h */,
				C1562FF21F5065FE00D6CC30 /* UIImage+Extension.m */,
			);
			path = UIImage;
			sourceTree = "<group>";
		};
		C1562FF31F5065FE00D6CC30 /* UIImageView */ = {
			isa = PBXGroup;
			children = (
				C1562FF41F5065FE00D6CC30 /* UIImageView+SD.h */,
				C1562FF51F5065FE00D6CC30 /* UIImageView+SD.m */,
			);
			path = UIImageView;
			sourceTree = "<group>";
		};
		C1562FF61F5065FE00D6CC30 /* UITableViewCell */ = {
			isa = PBXGroup;
			children = (
				C1562FF71F5065FE00D6CC30 /* UITableViewCell+roundCorner.h */,
				C1562FF81F5065FE00D6CC30 /* UITableViewCell+roundCorner.m */,
			);
			path = UITableViewCell;
			sourceTree = "<group>";
		};
		C1562FFA1F5065FE00D6CC30 /* Constant */ = {
			isa = PBXGroup;
			children = (
				C1562FFB1F5065FE00D6CC30 /* CommonConst.h */,
				C1562FFC1F5065FE00D6CC30 /* NetWorkAPI.h */,
				C1562FFD1F5065FE00D6CC30 /* NotificationConst.h */,
				C1562FFE1F5065FE00D6CC30 /* NotificationConst.m */,
				C1562FFF1F5065FE00D6CC30 /* ThemeConst.h */,
				C15630001F5065FE00D6CC30 /* TheThirdPartConst.h */,
				C15630011F5065FE00D6CC30 /* UserDefaultConst.h */,
				C15630021F5065FE00D6CC30 /* UtilsEnum.h */,
				C15630031F5065FE00D6CC30 /* UtilsMacro.h */,
				C15847721F5E85F100D785A6 /* BluetoothConst.h */,
				C15630041F5065FE00D6CC30 /* XJFConstant.h */,
			);
			path = Constant;
			sourceTree = "<group>";
		};
		C15630051F5065FE00D6CC30 /* Controller */ = {
			isa = PBXGroup;
			children = (
				C15630061F5065FE00D6CC30 /* XJFBaseNavigationController.h */,
				C15630071F5065FE00D6CC30 /* XJFBaseNavigationController.m */,
				C15630081F5065FE00D6CC30 /* XJFBaseViewController.h */,
				C15630091F5065FE00D6CC30 /* XJFBaseViewController.m */,
				C156300A1F5065FE00D6CC30 /* XJFContoller.h */,
			);
			path = Controller;
			sourceTree = "<group>";
		};
		C156300C1F5065FE00D6CC30 /* Model */ = {
			isa = PBXGroup;
			children = (
				C156300D1F5065FE00D6CC30 /* XJFBaseModel.h */,
				C156300E1F5065FE00D6CC30 /* XJFBaseModel.m */,
			);
			path = Model;
			sourceTree = "<group>";
		};
		C156300F1F5065FE00D6CC30 /* Utils */ = {
			isa = PBXGroup;
			children = (
				C15630101F5065FE00D6CC30 /* XJFDBManager.h */,
				C15630111F5065FE00D6CC30 /* XJFDBManager.m */,
				C15630121F5065FE00D6CC30 /* XJFDBOperator.h */,
				C15630131F5065FE00D6CC30 /* XJFDBOperator.m */,
				C15630141F5065FE00D6CC30 /* XJFHUDManager.h */,
				C15630151F5065FE00D6CC30 /* XJFHUDManager.m */,
				C15630161F5065FE00D6CC30 /* XJFNetworkManager.h */,
				C15630171F5065FE00D6CC30 /* XJFNetworkManager.m */,
				C15630181F5065FE00D6CC30 /* XJFServerManager.h */,
				C15630191F5065FE00D6CC30 /* XJFServerManager.m */,
				C156301A1F5065FE00D6CC30 /* XJFUtils.h */,
			);
			path = Utils;
			sourceTree = "<group>";
		};
		C156301B1F5065FE00D6CC30 /* View */ = {
			isa = PBXGroup;
			children = (
				C156301C1F5065FE00D6CC30 /* XJFBackgroundView.h */,
				C156301D1F5065FE00D6CC30 /* XJFBackgroundView.m */,
				C156301E1F5065FE00D6CC30 /* XJFSeperatorLineView.h */,
				C156301F1F5065FE00D6CC30 /* XJFSeperatorLineView.m */,
				C15630201F5065FE00D6CC30 /* XJFUIButton.h */,
				C15630211F5065FE00D6CC30 /* XJFUIButton.m */,
				C15630221F5065FE00D6CC30 /* XJFUIImageView.h */,
				C15630231F5065FE00D6CC30 /* XJFUIImageView.m */,
				C15630241F5065FE00D6CC30 /* XJFUILabel.h */,
				C15630251F5065FE00D6CC30 /* XJFUILabel.m */,
				C15630261F5065FE00D6CC30 /* XJFUITextField.h */,
				C15630271F5065FE00D6CC30 /* XJFUITextField.m */,
				C15630281F5065FE00D6CC30 /* XJFUITextView.h */,
				C15630291F5065FE00D6CC30 /* XJFUITextView.m */,
				C156302A1F5065FE00D6CC30 /* XJFUIView.h */,
				C156302B1F5065FE00D6CC30 /* XJFUIView.m */,
				C156302C1F5065FE00D6CC30 /* XJFView.h */,
			);
			path = View;
			sourceTree = "<group>";
		};
		C15847601F5E71C200D785A6 /* CommonManager */ = {
			isa = PBXGroup;
			children = (
				C158476A1F5E71F200D785A6 /* MMCBluetoothManager.h */,
				C158476B1F5E71F200D785A6 /* MMCBluetoothManager.m */,
				C158476C1F5E71F200D785A6 /* MMCDeviceManager.h */,
				C158476D1F5E71F200D785A6 /* MMCDeviceManager.m */,
				C15847611F5E71E900D785A6 /* BleDevice.h */,
				C15847621F5E71E900D785A6 /* BleDevice.m */,
				C15847631F5E71E900D785A6 /* BleDeviceBroadcast.h */,
				C15847641F5E71E900D785A6 /* BleDeviceBroadcast.m */,
				C15847651F5E71E900D785A6 /* WoodpeckerSensorData.h */,
				C15847661F5E71E900D785A6 /* WoodpeckerSensorData.m */,
				C16011781F5F8AB600F7B900 /* WPAccountManager.h */,
				C16011791F5F8AB600F7B900 /* WPAccountManager.m */,
			);
			path = CommonManager;
			sourceTree = "<group>";
		};
		C199D39F1F51462800431AF2 /* Model */ = {
			isa = PBXGroup;
			children = (
			);
			path = Model;
			sourceTree = "<group>";
		};
		C199D3A01F51463500431AF2 /* Controller */ = {
			isa = PBXGroup;
			children = (
				C1FE086A1F5BCA810054A254 /* WPMainViewController.h */,
				C1FE086B1F5BCA810054A254 /* WPMainViewController.m */,
				C1FE08791F5BCFE90054A254 /* WPStatusViewController.h */,
				C1FE087A1F5BCFE90054A254 /* WPStatusViewController.m */,
				C1FE087C1F5BCFFA0054A254 /* WPTemperatureRecordViewController.h */,
				C1FE087D1F5BCFFA0054A254 /* WPTemperatureRecordViewController.m */,
				C1FE087F1F5BD00A0054A254 /* WPMyInfoViewController.h */,
				C1FE08801F5BD00A0054A254 /* WPMyInfoViewController.m */,
				C15466111F63E00500B5CCD9 /* WPLoginViewController.h */,
				C15466121F63E00500B5CCD9 /* WPLoginViewController.m */,
			);
			path = Controller;
			sourceTree = "<group>";
		};
		C199D3A11F51463C00431AF2 /* ViewModel */ = {
			isa = PBXGroup;
			children = (
				C1FE086D1F5BCA8D0054A254 /* WPMainViewModel.h */,
				C1FE086E1F5BCA8D0054A254 /* WPMainViewModel.m */,
				CC7214261F64E96300AE2D82 /* WPLoginViewModel.h */,
				CC7214271F64E96300AE2D82 /* WPLoginViewModel.m */,
			);
			path = ViewModel;
			sourceTree = "<group>";
		};
		C199D3A21F51464700431AF2 /* View */ = {
			isa = PBXGroup;
			children = (
				CC7214231F64E92C00AE2D82 /* WPLoginView.h */,
				CC7214241F64E92C00AE2D82 /* WPLoginView.m */,
			);
			path = View;
			sourceTree = "<group>";
		};
		C1FE07F81F5BCA100054A254 /* Resource */ = {
			isa = PBXGroup;
			children = (
				C1D89C5B1F5D3E1300DA4D92 /* MiPassport.bundle */,
				C1FE07F91F5BCA100054A254 /* image */,
			);
			path = Resource;
			sourceTree = "<group>";
		};
		C1FE07F91F5BCA100054A254 /* image */ = {
			isa = PBXGroup;
			children = (
				C15465DD1F63DEC500B5CCD9 /* arrow-me@2x.png */,
				C15465DE1F63DEC500B5CCD9 /* arrow-me@3x.png */,
				C15465DF1F63DEC500B5CCD9 /* arrow-status@2x.png */,
				C15465E01F63DEC500B5CCD9 /* arrow-status@3x.png */,
				C15465E11F63DEC500B5CCD9 /* btn-me-avatar@2x.png */,
				C15465E21F63DEC500B5CCD9 /* btn-me-avatar@3x.png */,
				C15465E31F63DEC500B5CCD9 /* icon-device-alarm@2x.png */,
				C15465E41F63DEC500B5CCD9 /* icon-device-alarm@3x.png */,
				C15465E51F63DEC500B5CCD9 /* icon-device-settings@2x.png */,
				C15465E61F63DEC500B5CCD9 /* icon-device-settings@3x.png */,
				C15465E71F63DEC500B5CCD9 /* icon-device-unit@2x.png */,
				C15465E81F63DEC500B5CCD9 /* icon-device-unit@3x.png */,
				C15465E91F63DEC500B5CCD9 /* icon-me-about@2x.png */,
				C15465EA1F63DEC500B5CCD9 /* icon-me-about@3x.png */,
				C15465EB1F63DEC500B5CCD9 /* icon-me-basic@2x.png */,
				C15465EC1F63DEC500B5CCD9 /* icon-me-basic@3x.png */,
				C15465ED1F63DEC500B5CCD9 /* icon-me-cycle@2x.png */,
				C15465EE1F63DEC500B5CCD9 /* icon-me-cycle@3x.png */,
				C15465EF1F63DEC500B5CCD9 /* icon-me-help@2x.png */,
				C15465F01F63DEC500B5CCD9 /* icon-me-help@3x.png */,
				C15465F11F63DEC500B5CCD9 /* icon-me-shop@2x.png */,
				C15465F21F63DEC500B5CCD9 /* icon-me-shop@3x.png */,
				C15465F31F63DEC500B5CCD9 /* ima-alarm@2x.png */,
				C15465F41F63DEC500B5CCD9 /* ima-alarm@3x.png */,
				C15465F51F63DEC500B5CCD9 /* ima-logon@2x.png */,
				C15465F61F63DEC500B5CCD9 /* ima-logon@3x.png */,
				C1FE07FA1F5BCA3C0054A254 /* btn-navi-back@2x.png */,
				C1FE07FB1F5BCA3C0054A254 /* btn-navi-back@3x.png */,
				C1FE07FC1F5BCA3C0054A254 /* btn-navi-device-add@2x.png */,
				C1FE07FD1F5BCA3C0054A254 /* btn-navi-device-add@3x.png */,
				C1FE07FE1F5BCA3C0054A254 /* btn-navi-device-con@2x.png */,
				C1FE07FF1F5BCA3C0054A254 /* btn-navi-device-con@3x.png */,
				C1FE08001F5BCA3C0054A254 /* btn-navi-device-connecking@3x.png */,
				C1FE08011F5BCA3C0054A254 /* btn-navi-device-connecting@2x.png */,
				C1FE08021F5BCA3C0054A254 /* btn-navi-device-nc@2x.png */,
				C1FE08031F5BCA3C0054A254 /* btn-navi-device-nc@3x.png */,
				C1FE08041F5BCA3C0054A254 /* btn-navi-landscape@2x.png */,
				C1FE08051F5BCA3C0054A254 /* btn-navi-landscape@3x.png */,
				C1FE08061F5BCA3C0054A254 /* btn-navi-status-cale@2x.png */,
				C1FE08071F5BCA3C0054A254 /* btn-navi-status-cale@3x.png */,
				C1FE08081F5BCA3C0054A254 /* btn-navi-status-today@2x.png */,
				C1FE08091F5BCA3C0054A254 /* btn-navi-status-today@3x.png */,
				C1FE080A1F5BCA3C0054A254 /* btn-tab-curve-p@2x.png */,
				C1FE080B1F5BCA3C0054A254 /* btn-tab-curve-p@3x.png */,
				C1FE080C1F5BCA3C0054A254 /* btn-tab-curve-u@2x.png */,
				C1FE080D1F5BCA3C0054A254 /* btn-tab-curve-u@3x.png */,
				C1FE080E1F5BCA3C0054A254 /* btn-tab-me-p@2x.png */,
				C1FE080F1F5BCA3C0054A254 /* btn-tab-me-p@3x.png */,
				C1FE08101F5BCA3C0054A254 /* btn-tab-me-u@2x.png */,
				C1FE08111F5BCA3C0054A254 /* btn-tab-me-u@3x.png */,
				C1FE08121F5BCA3C0054A254 /* btn-tab-status-s@2x.png */,
				C1FE08131F5BCA3C0054A254 /* btn-tab-status-s@3x.png */,
				C1FE08141F5BCA3C0054A254 /* btn-tab-status-u@2x.png */,
				C1FE08151F5BCA3C0054A254 /* btn-tab-status-u@3x.png */,
				C1FE08161F5BCA3C0054A254 /* icon-info@2x.png */,
				C1FE08171F5BCA3C0054A254 /* icon-info@3x.png */,
				C1FE08181F5BCA3C0054A254 /* icon-record-ct@2x.png */,
				C1FE08191F5BCA3C0054A254 /* icon-record-ct@3x.png */,
				C1FE081A1F5BCA3C0054A254 /* icon-record-details@2x.png */,
				C1FE081B1F5BCA3C0054A254 /* icon-record-details@3x.png */,
				C1FE081C1F5BCA3C0054A254 /* icon-record-drink@2x.png */,
				C1FE081D1F5BCA3C0054A254 /* icon-record-drink@3x.png */,
				C1FE081E1F5BCA3C0054A254 /* icon-record-drug@2x.png */,
				C1FE081F1F5BCA3C0054A254 /* icon-record-drug@3x.png */,
				C1FE08201F5BCA3C0054A254 /* icon-record-love@2x.png */,
				C1FE08211F5BCA3C0054A254 /* icon-record-love@3x.png */,
				C1FE08221F5BCA3C0054A254 /* icon-record-menses@2x.png */,
				C1FE08231F5BCA3C0054A254 /* icon-record-menses@3x.png */,
				C1FE08241F5BCA3C0054A254 /* icon-record-mood@2x.png */,
				C1FE08251F5BCA3C0054A254 /* icon-record-mood@3x.png */,
				C1FE08261F5BCA3C0054A254 /* icon-record-mucus@2x.png */,
				C1FE08271F5BCA3C0054A254 /* icon-record-mucus@3x.png */,
				C1FE08281F5BCA3C0054A254 /* icon-record-note@2x.png */,
				C1FE08291F5BCA3C0054A254 /* icon-record-note@3x.png */,
				C1FE082A1F5BCA3C0054A254 /* icon-record-sleep@2x.png */,
				C1FE082B1F5BCA3C0054A254 /* icon-record-sleep@3x.png */,
				C1FE082C1F5BCA3C0054A254 /* icon-record-sport@2x.png */,
				C1FE082D1F5BCA3C0054A254 /* icon-record-sport@3x.png */,
				C1FE082E1F5BCA3C0054A254 /* icon-record-weight@2x.png */,
				C1FE082F1F5BCA3C0054A254 /* icon-record-weight@3x.png */,
				C1FE08301F5BCA3C0054A254 /* icon-status-edit@2x.png */,
				C1FE08311F5BCA3C0054A254 /* icon-status-edit@3x.png */,
			);
			path = image;
			sourceTree = "<group>";
		};
		C23E86682DC0EDD4555C432B /* Pods */ = {
			isa = PBXGroup;
			children = (
				D763EE217E13AB564BD30CBB /* Pods-woodpecker.debug.xcconfig */,
				BDF2555064146714148EC9B2 /* Pods-woodpecker.release.xcconfig */,
			);
			name = Pods;
			sourceTree = "<group>";
		};
		CC72142E1F64F4F600AE2D82 /* UIView */ = {
			isa = PBXGroup;
			children = (
				CC7214301F64F55200AE2D82 /* UIView+Extensions.h */,
				CC7214311F64F55200AE2D82 /* UIView+Extensions.m */,
			);
			path = UIView;
			sourceTree = "<group>";
		};
		F54DD6FADDEF2E5E0113AD58 /* Frameworks */ = {
			isa = PBXGroup;
			children = (
				C15847731F5E877200D785A6 /* MiBluetoothFramework.framework */,
				C1D89C591F5D3DF800DA4D92 /* MiPassport.framework */,
				6C49084367002DCB90033864 /* libPods-woodpecker.a */,
			);
			name = Frameworks;
			sourceTree = "<group>";
		};
/* End PBXGroup section */

/* Begin PBXNativeTarget section */
		C14CA3F41F4FB2B1007F50A1 /* woodpecker */ = {
			isa = PBXNativeTarget;
			buildConfigurationList = C14CA40C1F4FB2B2007F50A1 /* Build configuration list for PBXNativeTarget "woodpecker" */;
			buildPhases = (
				C208931932684BB55E122927 /* [CP] Check Pods Manifest.lock */,
				C14CA3F11F4FB2B1007F50A1 /* Sources */,
				C14CA3F21F4FB2B1007F50A1 /* Frameworks */,
				C14CA3F31F4FB2B1007F50A1 /* Resources */,
				3A9EFE5DB2E6716EF8F178A1 /* [CP] Embed Pods Frameworks */,
				6CB423B2401950B243995168 /* [CP] Copy Pods Resources */,
			);
			buildRules = (
			);
			dependencies = (
			);
			name = woodpecker;
			productName = woodpecker;
			productReference = C14CA3F51F4FB2B1007F50A1 /* woodpecker.app */;
			productType = "com.apple.product-type.application";
		};
/* End PBXNativeTarget section */

/* Begin PBXProject section */
		C14CA3ED1F4FB2B1007F50A1 /* Project object */ = {
			isa = PBXProject;
			attributes = {
				LastUpgradeCheck = 0820;
				ORGANIZATIONNAME = goldsmith;
				TargetAttributes = {
					C14CA3F41F4FB2B1007F50A1 = {
						CreatedOnToolsVersion = 7.2;
					};
				};
			};
			buildConfigurationList = C14CA3F01F4FB2B1007F50A1 /* Build configuration list for PBXProject "woodpecker" */;
			compatibilityVersion = "Xcode 3.2";
			developmentRegion = English;
			hasScannedForEncodings = 0;
			knownRegions = (
				en,
				Base,
				"zh-Hans",
			);
			mainGroup = C14CA3EC1F4FB2B1007F50A1;
			productRefGroup = C14CA3F61F4FB2B1007F50A1 /* Products */;
			projectDirPath = "";
			projectRoot = "";
			targets = (
				C14CA3F41F4FB2B1007F50A1 /* woodpecker */,
			);
		};
/* End PBXProject section */

/* Begin PBXResourcesBuildPhase section */
		C14CA3F31F4FB2B1007F50A1 /* Resources */ = {
			isa = PBXResourcesBuildPhase;
			buildActionMask = 2147483647;
			files = (
				C15465F91F63DEC500B5CCD9 /* arrow-status@2x.png in Resources */,
				C14CA4051F4FB2B1007F50A1 /* Assets.xcassets in Resources */,
				C15466051F63DEC500B5CCD9 /* icon-me-basic@2x.png in Resources */,
				C1FE08371F5BCA3C0054A254 /* btn-navi-device-con@3x.png in Resources */,
				C154660F1F63DEC500B5CCD9 /* ima-logon@2x.png in Resources */,
				C1FE08521F5BCA3C0054A254 /* icon-record-details@2x.png in Resources */,
				C1FE08611F5BCA3C0054A254 /* icon-record-note@3x.png in Resources */,
				C1FE08541F5BCA3C0054A254 /* icon-record-drink@2x.png in Resources */,
				C1FE08601F5BCA3C0054A254 /* icon-record-note@2x.png in Resources */,
				C15465FC1F63DEC500B5CCD9 /* btn-me-avatar@3x.png in Resources */,
				C15465FF1F63DEC500B5CCD9 /* icon-device-settings@2x.png in Resources */,
				C1FE08451F5BCA3C0054A254 /* btn-tab-curve-u@3x.png in Resources */,
				C15465FD1F63DEC500B5CCD9 /* icon-device-alarm@2x.png in Resources */,
				C15466001F63DEC500B5CCD9 /* icon-device-settings@3x.png in Resources */,
				C1FE08441F5BCA3C0054A254 /* btn-tab-curve-u@2x.png in Resources */,
				C1FE083D1F5BCA3C0054A254 /* btn-navi-landscape@3x.png in Resources */,
				C1FE08501F5BCA3C0054A254 /* icon-record-ct@2x.png in Resources */,
				C1FE08471F5BCA3C0054A254 /* btn-tab-me-p@3x.png in Resources */,
				C15466101F63DEC500B5CCD9 /* ima-logon@3x.png in Resources */,
				C1FE08431F5BCA3C0054A254 /* btn-tab-curve-p@3x.png in Resources */,
				C1FE08551F5BCA3C0054A254 /* icon-record-drink@3x.png in Resources */,
				C1562F0E1F50638800D6CC30 /* Localization.strings in Resources */,
				C1FE08581F5BCA3C0054A254 /* icon-record-love@2x.png in Resources */,
				C1FE085C1F5BCA3C0054A254 /* icon-record-mood@2x.png in Resources */,
				C1FE085D1F5BCA3C0054A254 /* icon-record-mood@3x.png in Resources */,
				C1FE08631F5BCA3C0054A254 /* icon-record-sleep@3x.png in Resources */,
				C1FE08321F5BCA3C0054A254 /* btn-navi-back@2x.png in Resources */,
				C15465F81F63DEC500B5CCD9 /* arrow-me@3x.png in Resources */,
				C1FE08561F5BCA3C0054A254 /* icon-record-drug@2x.png in Resources */,
				C15466061F63DEC500B5CCD9 /* icon-me-basic@3x.png in Resources */,
				C1FE08461F5BCA3C0054A254 /* btn-tab-me-p@2x.png in Resources */,
				C1FE085E1F5BCA3C0054A254 /* icon-record-mucus@2x.png in Resources */,
				C1FE08401F5BCA3C0054A254 /* btn-navi-status-today@2x.png in Resources */,
				C154660B1F63DEC500B5CCD9 /* icon-me-shop@2x.png in Resources */,
				C154660C1F63DEC500B5CCD9 /* icon-me-shop@3x.png in Resources */,
				C1FE08411F5BCA3C0054A254 /* btn-navi-status-today@3x.png in Resources */,
				C1FE085F1F5BCA3C0054A254 /* icon-record-mucus@3x.png in Resources */,
				C1FE085A1F5BCA3C0054A254 /* icon-record-menses@2x.png in Resources */,
				C15466091F63DEC500B5CCD9 /* icon-me-help@2x.png in Resources */,
				C1FE083E1F5BCA3C0054A254 /* btn-navi-status-cale@2x.png in Resources */,
				C1FE08621F5BCA3C0054A254 /* icon-record-sleep@2x.png in Resources */,
				C1FE084E1F5BCA3C0054A254 /* icon-info@2x.png in Resources */,
				C15466011F63DEC500B5CCD9 /* icon-device-unit@2x.png in Resources */,
				C1FE08531F5BCA3C0054A254 /* icon-record-details@3x.png in Resources */,
				C15465FB1F63DEC500B5CCD9 /* btn-me-avatar@2x.png in Resources */,
				C1FE083A1F5BCA3C0054A254 /* btn-navi-device-nc@2x.png in Resources */,
				C1FE08511F5BCA3C0054A254 /* icon-record-ct@3x.png in Resources */,
				C15466021F63DEC500B5CCD9 /* icon-device-unit@3x.png in Resources */,
				C1FE08331F5BCA3C0054A254 /* btn-navi-back@3x.png in Resources */,
				C1FE084F1F5BCA3C0054A254 /* icon-info@3x.png in Resources */,
				C154660E1F63DEC500B5CCD9 /* ima-alarm@3x.png in Resources */,
				C1FE08351F5BCA3C0054A254 /* btn-navi-device-add@3x.png in Resources */,
				C1FE08571F5BCA3C0054A254 /* icon-record-drug@3x.png in Resources */,
				C15465FE1F63DEC500B5CCD9 /* icon-device-alarm@3x.png in Resources */,
				C15466081F63DEC500B5CCD9 /* icon-me-cycle@3x.png in Resources */,
				C1FE08421F5BCA3C0054A254 /* btn-tab-curve-p@2x.png in Resources */,
				C1FE08481F5BCA3C0054A254 /* btn-tab-me-u@2x.png in Resources */,
				C1FE084D1F5BCA3C0054A254 /* btn-tab-status-u@3x.png in Resources */,
				C1FE084B1F5BCA3C0054A254 /* btn-tab-status-s@3x.png in Resources */,
				C154660D1F63DEC500B5CCD9 /* ima-alarm@2x.png in Resources */,
				C1FE085B1F5BCA3C0054A254 /* icon-record-menses@3x.png in Resources */,
				C1FE08671F5BCA3C0054A254 /* icon-record-weight@3x.png in Resources */,
				C154660A1F63DEC500B5CCD9 /* icon-me-help@3x.png in Resources */,
				C15466071F63DEC500B5CCD9 /* icon-me-cycle@2x.png in Resources */,
				C15465FA1F63DEC500B5CCD9 /* arrow-status@3x.png in Resources */,
				C15465F71F63DEC500B5CCD9 /* arrow-me@2x.png in Resources */,
				C1FE08491F5BCA3C0054A254 /* btn-tab-me-u@3x.png in Resources */,
				C1D89C5C1F5D3E1300DA4D92 /* MiPassport.bundle in Resources */,
				C1FE08381F5BCA3C0054A254 /* btn-navi-device-connecking@3x.png in Resources */,
				C1FE08681F5BCA3C0054A254 /* icon-status-edit@2x.png in Resources */,
				C1FE08341F5BCA3C0054A254 /* btn-navi-device-add@2x.png in Resources */,
				C1FE08691F5BCA3C0054A254 /* icon-status-edit@3x.png in Resources */,
				C1FE083F1F5BCA3C0054A254 /* btn-navi-status-cale@3x.png in Resources */,
				C1FE083B1F5BCA3C0054A254 /* btn-navi-device-nc@3x.png in Resources */,
				C1FE084C1F5BCA3C0054A254 /* btn-tab-status-u@2x.png in Resources */,
				C1FE083C1F5BCA3C0054A254 /* btn-navi-landscape@2x.png in Resources */,
				C1FE08361F5BCA3C0054A254 /* btn-navi-device-con@2x.png in Resources */,
				C15466031F63DEC500B5CCD9 /* icon-me-about@2x.png in Resources */,
				C1FE08591F5BCA3C0054A254 /* icon-record-love@3x.png in Resources */,
				C1FE08651F5BCA3C0054A254 /* icon-record-sport@3x.png in Resources */,
				C1FE08661F5BCA3C0054A254 /* icon-record-weight@2x.png in Resources */,
				C1FE08641F5BCA3C0054A254 /* icon-record-sport@2x.png in Resources */,
				C15466041F63DEC500B5CCD9 /* icon-me-about@3x.png in Resources */,
				C1FE08391F5BCA3C0054A254 /* btn-navi-device-connecting@2x.png in Resources */,
				C1FE084A1F5BCA3C0054A254 /* btn-tab-status-s@2x.png in Resources */,
			);
			runOnlyForDeploymentPostprocessing = 0;
		};
/* End PBXResourcesBuildPhase section */

/* Begin PBXShellScriptBuildPhase section */
		3A9EFE5DB2E6716EF8F178A1 /* [CP] Embed Pods Frameworks */ = {
			isa = PBXShellScriptBuildPhase;
			buildActionMask = 2147483647;
			files = (
			);
			inputPaths = (
			);
			name = "[CP] Embed Pods Frameworks";
			outputPaths = (
			);
			runOnlyForDeploymentPostprocessing = 0;
			shellPath = /bin/sh;
			shellScript = "\"${SRCROOT}/Pods/Target Support Files/Pods-woodpecker/Pods-woodpecker-frameworks.sh\"\n";
			showEnvVarsInLog = 0;
		};
		6CB423B2401950B243995168 /* [CP] Copy Pods Resources */ = {
			isa = PBXShellScriptBuildPhase;
			buildActionMask = 2147483647;
			files = (
			);
			inputPaths = (
				"${SRCROOT}/Pods/Target Support Files/Pods-woodpecker/Pods-woodpecker-resources.sh",
				"${PODS_ROOT}/MJRefresh/MJRefresh/MJRefresh.bundle",
			);
			name = "[CP] Copy Pods Resources";
			outputPaths = (
				"${TARGET_BUILD_DIR}/${UNLOCALIZED_RESOURCES_FOLDER_PATH}",
			);
			runOnlyForDeploymentPostprocessing = 0;
			shellPath = /bin/sh;
			shellScript = "\"${SRCROOT}/Pods/Target Support Files/Pods-woodpecker/Pods-woodpecker-resources.sh\"\n";
			showEnvVarsInLog = 0;
		};
		C208931932684BB55E122927 /* [CP] Check Pods Manifest.lock */ = {
			isa = PBXShellScriptBuildPhase;
			buildActionMask = 2147483647;
			files = (
			);
			inputPaths = (
				"${PODS_PODFILE_DIR_PATH}/Podfile.lock",
				"${PODS_ROOT}/Manifest.lock",
			);
			name = "[CP] Check Pods Manifest.lock";
			outputPaths = (
				"$(DERIVED_FILE_DIR)/Pods-woodpecker-checkManifestLockResult.txt",
			);
			runOnlyForDeploymentPostprocessing = 0;
			shellPath = /bin/sh;
			shellScript = "diff \"${PODS_PODFILE_DIR_PATH}/Podfile.lock\" \"${PODS_ROOT}/Manifest.lock\" > /dev/null\nif [ $? != 0 ] ; then\n    # print error to STDERR\n    echo \"error: The sandbox is not in sync with the Podfile.lock. Run 'pod install' or update your CocoaPods installation.\" >&2\n    exit 1\nfi\n# This output is used by Xcode 'outputs' to avoid re-running this script phase.\necho \"SUCCESS\" > \"${SCRIPT_OUTPUT_FILE_0}\"\n";
			showEnvVarsInLog = 0;
		};
/* End PBXShellScriptBuildPhase section */

/* Begin PBXSourcesBuildPhase section */
		C14CA3F11F4FB2B1007F50A1 /* Sources */ = {
			isa = PBXSourcesBuildPhase;
			buildActionMask = 2147483647;
			files = (
				C15630421F5065FE00D6CC30 /* XJFServerManager.m in Sources */,
				C15630301F5065FE00D6CC30 /* NSDictionary+Extension.m in Sources */,
				C1562FD31F5064DE00D6CC30 /* initServer.mm in Sources */,
				C156302F1F5065FE00D6CC30 /* NSDate+Extension.m in Sources */,
				C15630321F5065FE00D6CC30 /* NSFileManager+Extensions.m in Sources */,
				C158476F1F5E71F200D785A6 /* MMCDeviceManager.m in Sources */,
				C15847681F5E71E900D785A6 /* BleDeviceBroadcast.m in Sources */,
				C15630491F5065FE00D6CC30 /* XJFUITextView.m in Sources */,
				C156303D1F5065FE00D6CC30 /* XJFBaseModel.m in Sources */,
				C1FE087E1F5BCFFA0054A254 /* WPTemperatureRecordViewController.m in Sources */,
				C156303C1F5065FE00D6CC30 /* XJFBaseViewController.m in Sources */,
				C156303E1F5065FE00D6CC30 /* XJFDBManager.m in Sources */,
				C1FE087B1F5BCFE90054A254 /* WPStatusViewController.m in Sources */,
				C15630341F5065FE00D6CC30 /* UIButton+SD.m in Sources */,
				C15630461F5065FE00D6CC30 /* XJFUIImageView.m in Sources */,
				C1FE08811F5BD00A0054A254 /* WPMyInfoViewController.m in Sources */,
				C160117A1F5F8AB600F7B900 /* WPAccountManager.m in Sources */,
				C15630371F5065FE00D6CC30 /* UIImage+Extension.m in Sources */,
				C156302D1F5065FE00D6CC30 /* NSArray+Extension.m in Sources */,
				C156303A1F5065FE00D6CC30 /* NotificationConst.m in Sources */,
				C156302E1F5065FE00D6CC30 /* NSDate+ext.m in Sources */,
				CC7214251F64E92C00AE2D82 /* WPLoginView.m in Sources */,
				C15630391F5065FE00D6CC30 /* UITableViewCell+roundCorner.m in Sources */,
				C15630381F5065FE00D6CC30 /* UIImageView+SD.m in Sources */,
				C1FE086C1F5BCA810054A254 /* WPMainViewController.m in Sources */,
				C15630441F5065FE00D6CC30 /* XJFSeperatorLineView.m in Sources */,
				C15630451F5065FE00D6CC30 /* XJFUIButton.m in Sources */,
				C158476E1F5E71F200D785A6 /* MMCBluetoothManager.m in Sources */,
				C15630401F5065FE00D6CC30 /* XJFHUDManager.m in Sources */,
				C156303F1F5065FE00D6CC30 /* XJFDBOperator.m in Sources */,
				C15630471F5065FE00D6CC30 /* XJFUILabel.m in Sources */,
				C15630431F5065FE00D6CC30 /* XJFBackgroundView.m in Sources */,
				CC7214281F64E96300AE2D82 /* WPLoginViewModel.m in Sources */,
				C15630351F5065FE00D6CC30 /* UIColor+Hex.m in Sources */,
				CC7214321F64F55200AE2D82 /* UIView+Extensions.m in Sources */,
				C15847691F5E71E900D785A6 /* WoodpeckerSensorData.m in Sources */,
				C15847671F5E71E900D785A6 /* BleDevice.m in Sources */,
				C15630331F5065FE00D6CC30 /* NSString+Extension.m in Sources */,
				C14CA3FD1F4FB2B1007F50A1 /* AppDelegate.m in Sources */,
				C15630361F5065FE00D6CC30 /* UIImage+animatedGIF.m in Sources */,
				C15630411F5065FE00D6CC30 /* XJFNetworkManager.m in Sources */,
				C156303B1F5065FE00D6CC30 /* XJFBaseNavigationController.m in Sources */,
				C1FE086F1F5BCA8D0054A254 /* WPMainViewModel.m in Sources */,
				C156304A1F5065FE00D6CC30 /* XJFUIView.m in Sources */,
				C15630311F5065FE00D6CC30 /* NSMutableDictionary+Extension.m in Sources */,
				C15466131F63E00500B5CCD9 /* WPLoginViewController.m in Sources */,
				C15630481F5065FE00D6CC30 /* XJFUITextField.m in Sources */,
				C14CA3FA1F4FB2B1007F50A1 /* main.m in Sources */,
			);
			runOnlyForDeploymentPostprocessing = 0;
		};
/* End PBXSourcesBuildPhase section */

/* Begin PBXVariantGroup section */
		C1562F101F50638800D6CC30 /* Localization.strings */ = {
			isa = PBXVariantGroup;
			children = (
				C1562F0F1F50638800D6CC30 /* Base */,
				C1562F111F50638A00D6CC30 /* en */,
				C1562F121F50639D00D6CC30 /* zh-Hans */,
			);
			name = Localization.strings;
			sourceTree = "<group>";
		};
/* End PBXVariantGroup section */

/* Begin XCBuildConfiguration section */
		C14CA40A1F4FB2B2007F50A1 /* Debug */ = {
			isa = XCBuildConfiguration;
			buildSettings = {
				ALWAYS_SEARCH_USER_PATHS = NO;
				CLANG_ANALYZER_LOCALIZABILITY_NONLOCALIZED = YES;
				CLANG_CXX_LANGUAGE_STANDARD = "gnu++0x";
				CLANG_CXX_LIBRARY = "libc++";
				CLANG_ENABLE_MODULES = YES;
				CLANG_ENABLE_OBJC_ARC = YES;
				CLANG_WARN_BOOL_CONVERSION = YES;
				CLANG_WARN_CONSTANT_CONVERSION = YES;
				CLANG_WARN_DIRECT_OBJC_ISA_USAGE = YES_ERROR;
				CLANG_WARN_EMPTY_BODY = YES;
				CLANG_WARN_ENUM_CONVERSION = YES;
				CLANG_WARN_INFINITE_RECURSION = YES;
				CLANG_WARN_INT_CONVERSION = YES;
				CLANG_WARN_OBJC_ROOT_CLASS = YES_ERROR;
				CLANG_WARN_SUSPICIOUS_MOVE = YES;
				CLANG_WARN_UNREACHABLE_CODE = YES;
				CLANG_WARN__DUPLICATE_METHOD_MATCH = YES;
				"CODE_SIGN_IDENTITY[sdk=iphoneos*]" = "iPhone Developer";
				COPY_PHASE_STRIP = NO;
				DEBUG_INFORMATION_FORMAT = dwarf;
				ENABLE_STRICT_OBJC_MSGSEND = YES;
				ENABLE_TESTABILITY = YES;
				GCC_C_LANGUAGE_STANDARD = gnu99;
				GCC_DYNAMIC_NO_PIC = NO;
				GCC_NO_COMMON_BLOCKS = YES;
				GCC_OPTIMIZATION_LEVEL = 0;
				GCC_PRECOMPILE_PREFIX_HEADER = YES;
				GCC_PREFIX_HEADER = woodpecker/PrefixHeader.pch;
				GCC_PREPROCESSOR_DEFINITIONS = (
					"DEBUG=1",
					"$(inherited)",
				);
				GCC_WARN_64_TO_32_BIT_CONVERSION = YES;
				GCC_WARN_ABOUT_RETURN_TYPE = YES_ERROR;
				GCC_WARN_UNDECLARED_SELECTOR = YES;
				GCC_WARN_UNINITIALIZED_AUTOS = YES_AGGRESSIVE;
				GCC_WARN_UNUSED_FUNCTION = YES;
				GCC_WARN_UNUSED_VARIABLE = YES;
				IPHONEOS_DEPLOYMENT_TARGET = 9.2;
				MTL_ENABLE_DEBUG_INFO = YES;
				ONLY_ACTIVE_ARCH = YES;
				SDKROOT = iphoneos;
				TARGETED_DEVICE_FAMILY = "1,2";
			};
			name = Debug;
		};
		C14CA40B1F4FB2B2007F50A1 /* Release */ = {
			isa = XCBuildConfiguration;
			buildSettings = {
				ALWAYS_SEARCH_USER_PATHS = NO;
				CLANG_ANALYZER_LOCALIZABILITY_NONLOCALIZED = YES;
				CLANG_CXX_LANGUAGE_STANDARD = "gnu++0x";
				CLANG_CXX_LIBRARY = "libc++";
				CLANG_ENABLE_MODULES = YES;
				CLANG_ENABLE_OBJC_ARC = YES;
				CLANG_WARN_BOOL_CONVERSION = YES;
				CLANG_WARN_CONSTANT_CONVERSION = YES;
				CLANG_WARN_DIRECT_OBJC_ISA_USAGE = YES_ERROR;
				CLANG_WARN_EMPTY_BODY = YES;
				CLANG_WARN_ENUM_CONVERSION = YES;
				CLANG_WARN_INFINITE_RECURSION = YES;
				CLANG_WARN_INT_CONVERSION = YES;
				CLANG_WARN_OBJC_ROOT_CLASS = YES_ERROR;
				CLANG_WARN_SUSPICIOUS_MOVE = YES;
				CLANG_WARN_UNREACHABLE_CODE = YES;
				CLANG_WARN__DUPLICATE_METHOD_MATCH = YES;
				"CODE_SIGN_IDENTITY[sdk=iphoneos*]" = "iPhone Developer";
				COPY_PHASE_STRIP = NO;
				DEBUG_INFORMATION_FORMAT = "dwarf-with-dsym";
				ENABLE_NS_ASSERTIONS = NO;
				ENABLE_STRICT_OBJC_MSGSEND = YES;
				GCC_C_LANGUAGE_STANDARD = gnu99;
				GCC_NO_COMMON_BLOCKS = YES;
				GCC_PRECOMPILE_PREFIX_HEADER = YES;
				GCC_PREFIX_HEADER = woodpecker/PrefixHeader.pch;
				GCC_WARN_64_TO_32_BIT_CONVERSION = YES;
				GCC_WARN_ABOUT_RETURN_TYPE = YES_ERROR;
				GCC_WARN_UNDECLARED_SELECTOR = YES;
				GCC_WARN_UNINITIALIZED_AUTOS = YES_AGGRESSIVE;
				GCC_WARN_UNUSED_FUNCTION = YES;
				GCC_WARN_UNUSED_VARIABLE = YES;
				IPHONEOS_DEPLOYMENT_TARGET = 9.2;
				MTL_ENABLE_DEBUG_INFO = NO;
				SDKROOT = iphoneos;
				TARGETED_DEVICE_FAMILY = "1,2";
				VALIDATE_PRODUCT = YES;
			};
			name = Release;
		};
		C14CA40D1F4FB2B2007F50A1 /* Debug */ = {
			isa = XCBuildConfiguration;
			baseConfigurationReference = D763EE217E13AB564BD30CBB /* Pods-woodpecker.debug.xcconfig */;
			buildSettings = {
				ASSETCATALOG_COMPILER_APPICON_NAME = AppIcon;
				ASSETCATALOG_COMPILER_LAUNCHIMAGE_NAME = LaunchImage;
				ENABLE_BITCODE = NO;
				FRAMEWORK_SEARCH_PATHS = (
					"$(inherited)",
					"$(PROJECT_DIR)",
				);
				INFOPLIST_FILE = woodpecker/Info.plist;
				IPHONEOS_DEPLOYMENT_TARGET = 8.0;
				LD_RUNPATH_SEARCH_PATHS = "$(inherited) @executable_path/Frameworks";
				PRODUCT_BUNDLE_IDENTIFIER = com.goldsmith.easyMeasure;
				PRODUCT_NAME = "$(TARGET_NAME)";
			};
			name = Debug;
		};
		C14CA40E1F4FB2B2007F50A1 /* Release */ = {
			isa = XCBuildConfiguration;
			baseConfigurationReference = BDF2555064146714148EC9B2 /* Pods-woodpecker.release.xcconfig */;
			buildSettings = {
				ASSETCATALOG_COMPILER_APPICON_NAME = AppIcon;
				ASSETCATALOG_COMPILER_LAUNCHIMAGE_NAME = LaunchImage;
				ENABLE_BITCODE = NO;
				FRAMEWORK_SEARCH_PATHS = (
					"$(inherited)",
					"$(PROJECT_DIR)",
				);
				INFOPLIST_FILE = woodpecker/Info.plist;
				IPHONEOS_DEPLOYMENT_TARGET = 8.0;
				LD_RUNPATH_SEARCH_PATHS = "$(inherited) @executable_path/Frameworks";
				PRODUCT_BUNDLE_IDENTIFIER = com.goldsmith.easyMeasure;
				PRODUCT_NAME = "$(TARGET_NAME)";
			};
			name = Release;
		};
/* End XCBuildConfiguration section */

/* Begin XCConfigurationList section */
		C14CA3F01F4FB2B1007F50A1 /* Build configuration list for PBXProject "woodpecker" */ = {
			isa = XCConfigurationList;
			buildConfigurations = (
				C14CA40A1F4FB2B2007F50A1 /* Debug */,
				C14CA40B1F4FB2B2007F50A1 /* Release */,
			);
			defaultConfigurationIsVisible = 0;
			defaultConfigurationName = Release;
		};
		C14CA40C1F4FB2B2007F50A1 /* Build configuration list for PBXNativeTarget "woodpecker" */ = {
			isa = XCConfigurationList;
			buildConfigurations = (
				C14CA40D1F4FB2B2007F50A1 /* Debug */,
				C14CA40E1F4FB2B2007F50A1 /* Release */,
			);
			defaultConfigurationIsVisible = 0;
			defaultConfigurationName = Release;
		};
/* End XCConfigurationList section */
	};
	rootObject = C14CA3ED1F4FB2B1007F50A1 /* Project object */;
}
